// !$*UTF8*$!
{
	archiveVersion = 1;
	classes = {
	};
	objectVersion = 55;
	objects = {

/* Begin PBXBuildFile section */
		3716C81B26B2308D005B9ACA /* ListRowView.swift in Sources */ = {isa = PBXBuildFile; fileRef = 3763BBE026AB84EF001BEE76 /* ListRowView.swift */; };
		3730CA8E26BD863F001B1558 /* CreateTaskScreen.swift in Sources */ = {isa = PBXBuildFile; fileRef = 3730CA8D26BD863F001B1558 /* CreateTaskScreen.swift */; };
		3730CA9026BD86D7001B1558 /* CreateTaskScreenModel.swift in Sources */ = {isa = PBXBuildFile; fileRef = 3730CA8F26BD86D7001B1558 /* CreateTaskScreenModel.swift */; };
		3730CA9226BD8D41001B1558 /* swish.wav in Resources */ = {isa = PBXBuildFile; fileRef = 3730CA9126BD8D41001B1558 /* swish.wav */; };
		3730CA9426BD8E56001B1558 /* click.wav in Resources */ = {isa = PBXBuildFile; fileRef = 3730CA9326BD8E56001B1558 /* click.wav */; };
		3730CA9626BDECE3001B1558 /* NotificationView.swift in Sources */ = {isa = PBXBuildFile; fileRef = 3730CA9526BDECE3001B1558 /* NotificationView.swift */; };
		373DA22926BA078D008E77BA /* twinkle.wav in Resources */ = {isa = PBXBuildFile; fileRef = 373DA22526BA078D008E77BA /* twinkle.wav */; };
		373DA22A26BA078D008E77BA /* twinkle.wav in Resources */ = {isa = PBXBuildFile; fileRef = 373DA22526BA078D008E77BA /* twinkle.wav */; };
		373DA22B26BA078D008E77BA /* warp.wav in Resources */ = {isa = PBXBuildFile; fileRef = 373DA22626BA078D008E77BA /* warp.wav */; };
		373DA22C26BA078D008E77BA /* warp.wav in Resources */ = {isa = PBXBuildFile; fileRef = 373DA22626BA078D008E77BA /* warp.wav */; };
		373DA22D26BA078D008E77BA /* pow.wav in Resources */ = {isa = PBXBuildFile; fileRef = 373DA22726BA078D008E77BA /* pow.wav */; };
		373DA22E26BA078D008E77BA /* pow.wav in Resources */ = {isa = PBXBuildFile; fileRef = 373DA22726BA078D008E77BA /* pow.wav */; };
		373DA22F26BA078D008E77BA /* pop.wav in Resources */ = {isa = PBXBuildFile; fileRef = 373DA22826BA078D008E77BA /* pop.wav */; };
		373DA23026BA078D008E77BA /* pop.wav in Resources */ = {isa = PBXBuildFile; fileRef = 373DA22826BA078D008E77BA /* pop.wav */; };
		373DA23326BA8FEF008E77BA /* SoundTriggers.swift in Sources */ = {isa = PBXBuildFile; fileRef = 373DA23226BA8FEF008E77BA /* SoundTriggers.swift */; };
		373DA23426BA8FEF008E77BA /* SoundTriggers.swift in Sources */ = {isa = PBXBuildFile; fileRef = 373DA23226BA8FEF008E77BA /* SoundTriggers.swift */; };
		373DA23626BA8FF6008E77BA /* NotificationTriggers.swift in Sources */ = {isa = PBXBuildFile; fileRef = 373DA23526BA8FF6008E77BA /* NotificationTriggers.swift */; };
		373DA23726BA8FF6008E77BA /* NotificationTriggers.swift in Sources */ = {isa = PBXBuildFile; fileRef = 373DA23526BA8FF6008E77BA /* NotificationTriggers.swift */; };
		3763BB8226AA1E99001BEE76 /* Tests_iOS.swift in Sources */ = {isa = PBXBuildFile; fileRef = 3763BB8126AA1E99001BEE76 /* Tests_iOS.swift */; };
		3763BB8C26AA1E99001BEE76 /* Tests_macOS.swift in Sources */ = {isa = PBXBuildFile; fileRef = 3763BB8B26AA1E99001BEE76 /* Tests_macOS.swift */; };
		3763BB8D26AA1E99001BEE76 /* TodosApp.swift in Sources */ = {isa = PBXBuildFile; fileRef = 3763BB6B26AA1E98001BEE76 /* TodosApp.swift */; };
		3763BB8E26AA1E99001BEE76 /* TodosApp.swift in Sources */ = {isa = PBXBuildFile; fileRef = 3763BB6B26AA1E98001BEE76 /* TodosApp.swift */; };
		3763BB9126AA1E99001BEE76 /* Assets.xcassets in Resources */ = {isa = PBXBuildFile; fileRef = 3763BB6D26AA1E99001BEE76 /* Assets.xcassets */; };
		3763BB9226AA1E99001BEE76 /* Assets.xcassets in Resources */ = {isa = PBXBuildFile; fileRef = 3763BB6D26AA1E99001BEE76 /* Assets.xcassets */; };
		3763BBB026AA1F19001BEE76 /* Substate in Frameworks */ = {isa = PBXBuildFile; productRef = 3763BBAF26AA1F19001BEE76 /* Substate */; };
		3763BBB226AA1F19001BEE76 /* SubstateMiddleware in Frameworks */ = {isa = PBXBuildFile; productRef = 3763BBB126AA1F19001BEE76 /* SubstateMiddleware */; };
		3763BBB426AA1F19001BEE76 /* SubstateUI in Frameworks */ = {isa = PBXBuildFile; productRef = 3763BBB326AA1F19001BEE76 /* SubstateUI */; };
		3763BBB626AA1F20001BEE76 /* Substate in Frameworks */ = {isa = PBXBuildFile; productRef = 3763BBB526AA1F20001BEE76 /* Substate */; };
		3763BBB826AA1F20001BEE76 /* SubstateMiddleware in Frameworks */ = {isa = PBXBuildFile; productRef = 3763BBB726AA1F20001BEE76 /* SubstateMiddleware */; };
		3763BBBA26AA1F20001BEE76 /* SubstateUI in Frameworks */ = {isa = PBXBuildFile; productRef = 3763BBB926AA1F20001BEE76 /* SubstateUI */; };
		3763BBC026AA3B04001BEE76 /* TodosAppModel.swift in Sources */ = {isa = PBXBuildFile; fileRef = 3763BBBF26AA3B04001BEE76 /* TodosAppModel.swift */; };
		3763BBC326AA4090001BEE76 /* ToolbarView.swift in Sources */ = {isa = PBXBuildFile; fileRef = 3763BBC226AA4090001BEE76 /* ToolbarView.swift */; };
		3763BBC626AA40A2001BEE76 /* TodosAppModel.swift in Sources */ = {isa = PBXBuildFile; fileRef = 3763BBBF26AA3B04001BEE76 /* TodosAppModel.swift */; };
		3763BBC826AA40A8001BEE76 /* ListView.swift in Sources */ = {isa = PBXBuildFile; fileRef = 3763BBC726AA40A8001BEE76 /* ListView.swift */; };
		3763BBCA26AA40AF001BEE76 /* ListViewModel.swift in Sources */ = {isa = PBXBuildFile; fileRef = 3763BBC926AA40AF001BEE76 /* ListViewModel.swift */; };
		3763BBCD26AA4117001BEE76 /* Task.swift in Sources */ = {isa = PBXBuildFile; fileRef = 3763BBCC26AA4117001BEE76 /* Task.swift */; };
		3763BBCF26AA411F001BEE76 /* TaskList.swift in Sources */ = {isa = PBXBuildFile; fileRef = 3763BBCE26AA411F001BEE76 /* TaskList.swift */; };
		3763BBD126AAB805001BEE76 /* TodosAppView.swift in Sources */ = {isa = PBXBuildFile; fileRef = 3763BBD026AAB805001BEE76 /* TodosAppView.swift */; };
		3763BBD326AAB8F1001BEE76 /* TitlebarView.swift in Sources */ = {isa = PBXBuildFile; fileRef = 3763BBD226AAB8F1001BEE76 /* TitlebarView.swift */; };
		3763BBD726AB8326001BEE76 /* TodosAppView.swift in Sources */ = {isa = PBXBuildFile; fileRef = 3763BBD026AAB805001BEE76 /* TodosAppView.swift */; };
		3763BBD826AB832B001BEE76 /* TitlebarView.swift in Sources */ = {isa = PBXBuildFile; fileRef = 3763BBD226AAB8F1001BEE76 /* TitlebarView.swift */; };
		3763BBD926AB8336001BEE76 /* TaskList.swift in Sources */ = {isa = PBXBuildFile; fileRef = 3763BBCE26AA411F001BEE76 /* TaskList.swift */; };
		3763BBDA26AB8343001BEE76 /* Task.swift in Sources */ = {isa = PBXBuildFile; fileRef = 3763BBCC26AA4117001BEE76 /* Task.swift */; };
		3763BBDB26AB834B001BEE76 /* ListView.swift in Sources */ = {isa = PBXBuildFile; fileRef = 3763BBC726AA40A8001BEE76 /* ListView.swift */; };
		3763BBDC26AB834B001BEE76 /* ListViewModel.swift in Sources */ = {isa = PBXBuildFile; fileRef = 3763BBC926AA40AF001BEE76 /* ListViewModel.swift */; };
		3763BBDE26AB8350001BEE76 /* ToolbarView.swift in Sources */ = {isa = PBXBuildFile; fileRef = 3763BBC226AA4090001BEE76 /* ToolbarView.swift */; };
		3763BBE126AB84EF001BEE76 /* ListRowView.swift in Sources */ = {isa = PBXBuildFile; fileRef = 3763BBE026AB84EF001BEE76 /* ListRowView.swift */; };
		376FEA6426B36A23004BD597 /* Filter.swift in Sources */ = {isa = PBXBuildFile; fileRef = 376FEA6326B36A23004BD597 /* Filter.swift */; };
		376FEA6526B36A23004BD597 /* Filter.swift in Sources */ = {isa = PBXBuildFile; fileRef = 376FEA6326B36A23004BD597 /* Filter.swift */; };
		37752A4826BC911000730E7D /* Tabs.swift in Sources */ = {isa = PBXBuildFile; fileRef = 37752A4726BC911000730E7D /* Tabs.swift */; };
		37752A4B26BCA15E00730E7D /* SettingsScreen.swift in Sources */ = {isa = PBXBuildFile; fileRef = 37752A4A26BCA15E00730E7D /* SettingsScreen.swift */; };
		37752A4E26BCA18800730E7D /* TasksScreen.swift in Sources */ = {isa = PBXBuildFile; fileRef = 37752A4D26BCA18800730E7D /* TasksScreen.swift */; };
		37752A5126BCA2AE00730E7D /* Themes.swift in Sources */ = {isa = PBXBuildFile; fileRef = 37752A5026BCA2AE00730E7D /* Themes.swift */; };
		37752A5326BCA32100730E7D /* Theme+UI.swift in Sources */ = {isa = PBXBuildFile; fileRef = 37752A5226BCA32100730E7D /* Theme+UI.swift */; };
		37752A5526BCA3A900730E7D /* Settings.swift in Sources */ = {isa = PBXBuildFile; fileRef = 37752A5426BCA3A900730E7D /* Settings.swift */; };
		37752A5726BCA48A00730E7D /* SaveTriggers.swift in Sources */ = {isa = PBXBuildFile; fileRef = 37752A5626BCA48A00730E7D /* SaveTriggers.swift */; };
		37752A5926BCA51B00730E7D /* Tab.swift in Sources */ = {isa = PBXBuildFile; fileRef = 37752A5826BCA51B00730E7D /* Tab.swift */; };
		37752A5B26BCA5DC00730E7D /* TabsContainer.swift in Sources */ = {isa = PBXBuildFile; fileRef = 37752A5A26BCA5DC00730E7D /* TabsContainer.swift */; };
		37752A5D26BCA7B600730E7D /* Theme.swift in Sources */ = {isa = PBXBuildFile; fileRef = 37752A5C26BCA7B600730E7D /* Theme.swift */; };
		37752A5F26BCAA5500730E7D /* Settings+UI.swift in Sources */ = {isa = PBXBuildFile; fileRef = 37752A5E26BCAA5500730E7D /* Settings+UI.swift */; };
		37C428EC26B97AAD00C26503 /* Notifications+ShowForTask.swift in Sources */ = {isa = PBXBuildFile; fileRef = 37C428EB26B97AAD00C26503 /* Notifications+ShowForTask.swift */; };
		37C428ED26B97AAD00C26503 /* Notifications+ShowForTask.swift in Sources */ = {isa = PBXBuildFile; fileRef = 37C428EB26B97AAD00C26503 /* Notifications+ShowForTask.swift */; };
		37C428EF26B9936200C26503 /* TodosAppFunnels.swift in Sources */ = {isa = PBXBuildFile; fileRef = 37C428EE26B9936200C26503 /* TodosAppFunnels.swift */; };
		37C428F026B9936200C26503 /* TodosAppFunnels.swift in Sources */ = {isa = PBXBuildFile; fileRef = 37C428EE26B9936200C26503 /* TodosAppFunnels.swift */; };
		37C428F326B9E3D000C26503 /* SoundPlayer.swift in Sources */ = {isa = PBXBuildFile; fileRef = 37C428F226B9E3D000C26503 /* SoundPlayer.swift */; };
		37C428F426B9E3D000C26503 /* SoundPlayer.swift in Sources */ = {isa = PBXBuildFile; fileRef = 37C428F226B9E3D000C26503 /* SoundPlayer.swift */; };
		37D99C5F26B60D390015FEEE /* AppTriggers.swift in Sources */ = {isa = PBXBuildFile; fileRef = 37D99C5E26B60D390015FEEE /* AppTriggers.swift */; };
		37D99C6026B60D390015FEEE /* AppTriggers.swift in Sources */ = {isa = PBXBuildFile; fileRef = 37D99C5E26B60D390015FEEE /* AppTriggers.swift */; };
		37D99C6226B616FB0015FEEE /* Toolbar.swift in Sources */ = {isa = PBXBuildFile; fileRef = 37D99C6126B616FB0015FEEE /* Toolbar.swift */; };
		37D99C6326B616FB0015FEEE /* Toolbar.swift in Sources */ = {isa = PBXBuildFile; fileRef = 37D99C6126B616FB0015FEEE /* Toolbar.swift */; };
		37D99C6526B617B20015FEEE /* Sound.swift in Sources */ = {isa = PBXBuildFile; fileRef = 37D99C6426B617B20015FEEE /* Sound.swift */; };
		37D99C6626B617B20015FEEE /* Sound.swift in Sources */ = {isa = PBXBuildFile; fileRef = 37D99C6426B617B20015FEEE /* Sound.swift */; };
		37D99C6826B7D7DC0015FEEE /* Titlebar.swift in Sources */ = {isa = PBXBuildFile; fileRef = 37D99C6726B7D7DC0015FEEE /* Titlebar.swift */; };
		37D99C6926B7D7DC0015FEEE /* Titlebar.swift in Sources */ = {isa = PBXBuildFile; fileRef = 37D99C6726B7D7DC0015FEEE /* Titlebar.swift */; };
		37D99C6D26B81AAD0015FEEE /* Notifications.swift in Sources */ = {isa = PBXBuildFile; fileRef = 37D99C6C26B81AAD0015FEEE /* Notifications.swift */; };
		37D99C6E26B81AAD0015FEEE /* Notifications.swift in Sources */ = {isa = PBXBuildFile; fileRef = 37D99C6C26B81AAD0015FEEE /* Notifications.swift */; };
		37D99C7026B81BC70015FEEE /* NotificationsView.swift in Sources */ = {isa = PBXBuildFile; fileRef = 37D99C6F26B81BC70015FEEE /* NotificationsView.swift */; };
		37D99C7126B81BC70015FEEE /* NotificationsView.swift in Sources */ = {isa = PBXBuildFile; fileRef = 37D99C6F26B81BC70015FEEE /* NotificationsView.swift */; };
/* End PBXBuildFile section */

/* Begin PBXContainerItemProxy section */
		3763BB7E26AA1E99001BEE76 /* PBXContainerItemProxy */ = {
			isa = PBXContainerItemProxy;
			containerPortal = 3763BB6626AA1E98001BEE76 /* Project object */;
			proxyType = 1;
			remoteGlobalIDString = 3763BB7126AA1E99001BEE76;
			remoteInfo = "Todos (iOS)";
		};
		3763BB8826AA1E99001BEE76 /* PBXContainerItemProxy */ = {
			isa = PBXContainerItemProxy;
			containerPortal = 3763BB6626AA1E98001BEE76 /* Project object */;
			proxyType = 1;
			remoteGlobalIDString = 3763BB7726AA1E99001BEE76;
			remoteInfo = "Todos (macOS)";
		};
/* End PBXContainerItemProxy section */

/* Begin PBXFileReference section */
		3730CA8D26BD863F001B1558 /* CreateTaskScreen.swift */ = {isa = PBXFileReference; lastKnownFileType = sourcecode.swift; path = CreateTaskScreen.swift; sourceTree = "<group>"; };
		3730CA8F26BD86D7001B1558 /* CreateTaskScreenModel.swift */ = {isa = PBXFileReference; lastKnownFileType = sourcecode.swift; path = CreateTaskScreenModel.swift; sourceTree = "<group>"; };
		3730CA9126BD8D41001B1558 /* swish.wav */ = {isa = PBXFileReference; lastKnownFileType = audio.wav; path = swish.wav; sourceTree = "<group>"; };
		3730CA9326BD8E56001B1558 /* click.wav */ = {isa = PBXFileReference; lastKnownFileType = audio.wav; path = click.wav; sourceTree = "<group>"; };
		3730CA9526BDECE3001B1558 /* NotificationView.swift */ = {isa = PBXFileReference; lastKnownFileType = sourcecode.swift; path = NotificationView.swift; sourceTree = "<group>"; };
		373DA22526BA078D008E77BA /* twinkle.wav */ = {isa = PBXFileReference; lastKnownFileType = audio.wav; path = twinkle.wav; sourceTree = "<group>"; };
		373DA22626BA078D008E77BA /* warp.wav */ = {isa = PBXFileReference; lastKnownFileType = audio.wav; path = warp.wav; sourceTree = "<group>"; };
		373DA22726BA078D008E77BA /* pow.wav */ = {isa = PBXFileReference; lastKnownFileType = audio.wav; path = pow.wav; sourceTree = "<group>"; };
		373DA22826BA078D008E77BA /* pop.wav */ = {isa = PBXFileReference; lastKnownFileType = audio.wav; path = pop.wav; sourceTree = "<group>"; };
		373DA23226BA8FEF008E77BA /* SoundTriggers.swift */ = {isa = PBXFileReference; lastKnownFileType = sourcecode.swift; path = SoundTriggers.swift; sourceTree = "<group>"; };
		373DA23526BA8FF6008E77BA /* NotificationTriggers.swift */ = {isa = PBXFileReference; lastKnownFileType = sourcecode.swift; path = NotificationTriggers.swift; sourceTree = "<group>"; };
		3763BB6B26AA1E98001BEE76 /* TodosApp.swift */ = {isa = PBXFileReference; lastKnownFileType = sourcecode.swift; path = TodosApp.swift; sourceTree = "<group>"; };
		3763BB6D26AA1E99001BEE76 /* Assets.xcassets */ = {isa = PBXFileReference; lastKnownFileType = folder.assetcatalog; path = Assets.xcassets; sourceTree = "<group>"; };
		3763BB7226AA1E99001BEE76 /* Todos.app */ = {isa = PBXFileReference; explicitFileType = wrapper.application; includeInIndex = 0; path = Todos.app; sourceTree = BUILT_PRODUCTS_DIR; };
		3763BB7826AA1E99001BEE76 /* Todos.app */ = {isa = PBXFileReference; explicitFileType = wrapper.application; includeInIndex = 0; path = Todos.app; sourceTree = BUILT_PRODUCTS_DIR; };
		3763BB7D26AA1E99001BEE76 /* Tests iOS.xctest */ = {isa = PBXFileReference; explicitFileType = wrapper.cfbundle; includeInIndex = 0; path = "Tests iOS.xctest"; sourceTree = BUILT_PRODUCTS_DIR; };
		3763BB8126AA1E99001BEE76 /* Tests_iOS.swift */ = {isa = PBXFileReference; lastKnownFileType = sourcecode.swift; path = Tests_iOS.swift; sourceTree = "<group>"; };
		3763BB8726AA1E99001BEE76 /* Tests macOS.xctest */ = {isa = PBXFileReference; explicitFileType = wrapper.cfbundle; includeInIndex = 0; path = "Tests macOS.xctest"; sourceTree = BUILT_PRODUCTS_DIR; };
		3763BB8B26AA1E99001BEE76 /* Tests_macOS.swift */ = {isa = PBXFileReference; lastKnownFileType = sourcecode.swift; path = Tests_macOS.swift; sourceTree = "<group>"; };
		3763BBBF26AA3B04001BEE76 /* TodosAppModel.swift */ = {isa = PBXFileReference; lastKnownFileType = sourcecode.swift; path = TodosAppModel.swift; sourceTree = "<group>"; };
		3763BBC226AA4090001BEE76 /* ToolbarView.swift */ = {isa = PBXFileReference; lastKnownFileType = sourcecode.swift; path = ToolbarView.swift; sourceTree = "<group>"; };
		3763BBC726AA40A8001BEE76 /* ListView.swift */ = {isa = PBXFileReference; lastKnownFileType = sourcecode.swift; path = ListView.swift; sourceTree = "<group>"; };
		3763BBC926AA40AF001BEE76 /* ListViewModel.swift */ = {isa = PBXFileReference; lastKnownFileType = sourcecode.swift; path = ListViewModel.swift; sourceTree = "<group>"; };
		3763BBCC26AA4117001BEE76 /* Task.swift */ = {isa = PBXFileReference; lastKnownFileType = sourcecode.swift; path = Task.swift; sourceTree = "<group>"; };
		3763BBCE26AA411F001BEE76 /* TaskList.swift */ = {isa = PBXFileReference; lastKnownFileType = sourcecode.swift; path = TaskList.swift; sourceTree = "<group>"; };
		3763BBD026AAB805001BEE76 /* TodosAppView.swift */ = {isa = PBXFileReference; lastKnownFileType = sourcecode.swift; path = TodosAppView.swift; sourceTree = "<group>"; };
		3763BBD226AAB8F1001BEE76 /* TitlebarView.swift */ = {isa = PBXFileReference; lastKnownFileType = sourcecode.swift; path = TitlebarView.swift; sourceTree = "<group>"; };
		3763BBE026AB84EF001BEE76 /* ListRowView.swift */ = {isa = PBXFileReference; lastKnownFileType = sourcecode.swift; path = ListRowView.swift; sourceTree = "<group>"; };
		376FEA6326B36A23004BD597 /* Filter.swift */ = {isa = PBXFileReference; lastKnownFileType = sourcecode.swift; path = Filter.swift; sourceTree = "<group>"; };
		37752A4726BC911000730E7D /* Tabs.swift */ = {isa = PBXFileReference; lastKnownFileType = sourcecode.swift; path = Tabs.swift; sourceTree = "<group>"; };
		37752A4A26BCA15E00730E7D /* SettingsScreen.swift */ = {isa = PBXFileReference; lastKnownFileType = sourcecode.swift; path = SettingsScreen.swift; sourceTree = "<group>"; };
		37752A4D26BCA18800730E7D /* TasksScreen.swift */ = {isa = PBXFileReference; lastKnownFileType = sourcecode.swift; path = TasksScreen.swift; sourceTree = "<group>"; };
		37752A5026BCA2AE00730E7D /* Themes.swift */ = {isa = PBXFileReference; lastKnownFileType = sourcecode.swift; path = Themes.swift; sourceTree = "<group>"; };
		37752A5226BCA32100730E7D /* Theme+UI.swift */ = {isa = PBXFileReference; lastKnownFileType = sourcecode.swift; path = "Theme+UI.swift"; sourceTree = "<group>"; };
		37752A5426BCA3A900730E7D /* Settings.swift */ = {isa = PBXFileReference; lastKnownFileType = sourcecode.swift; path = Settings.swift; sourceTree = "<group>"; };
		37752A5626BCA48A00730E7D /* SaveTriggers.swift */ = {isa = PBXFileReference; lastKnownFileType = sourcecode.swift; path = SaveTriggers.swift; sourceTree = "<group>"; };
		37752A5826BCA51B00730E7D /* Tab.swift */ = {isa = PBXFileReference; lastKnownFileType = sourcecode.swift; path = Tab.swift; sourceTree = "<group>"; };
		37752A5A26BCA5DC00730E7D /* TabsContainer.swift */ = {isa = PBXFileReference; lastKnownFileType = sourcecode.swift; path = TabsContainer.swift; sourceTree = "<group>"; };
		37752A5C26BCA7B600730E7D /* Theme.swift */ = {isa = PBXFileReference; lastKnownFileType = sourcecode.swift; path = Theme.swift; sourceTree = "<group>"; };
		37752A5E26BCAA5500730E7D /* Settings+UI.swift */ = {isa = PBXFileReference; lastKnownFileType = sourcecode.swift; path = "Settings+UI.swift"; sourceTree = "<group>"; };
		37C428EB26B97AAD00C26503 /* Notifications+ShowForTask.swift */ = {isa = PBXFileReference; lastKnownFileType = sourcecode.swift; path = "Notifications+ShowForTask.swift"; sourceTree = "<group>"; };
		37C428EE26B9936200C26503 /* TodosAppFunnels.swift */ = {isa = PBXFileReference; lastKnownFileType = sourcecode.swift; path = TodosAppFunnels.swift; sourceTree = "<group>"; };
		37C428F226B9E3D000C26503 /* SoundPlayer.swift */ = {isa = PBXFileReference; lastKnownFileType = sourcecode.swift; path = SoundPlayer.swift; sourceTree = "<group>"; };
		37D99C5E26B60D390015FEEE /* AppTriggers.swift */ = {isa = PBXFileReference; lastKnownFileType = sourcecode.swift; path = AppTriggers.swift; sourceTree = "<group>"; };
		37D99C6126B616FB0015FEEE /* Toolbar.swift */ = {isa = PBXFileReference; fileEncoding = 4; lastKnownFileType = sourcecode.swift; path = Toolbar.swift; sourceTree = "<group>"; };
		37D99C6426B617B20015FEEE /* Sound.swift */ = {isa = PBXFileReference; lastKnownFileType = sourcecode.swift; path = Sound.swift; sourceTree = "<group>"; };
		37D99C6726B7D7DC0015FEEE /* Titlebar.swift */ = {isa = PBXFileReference; fileEncoding = 4; lastKnownFileType = sourcecode.swift; path = Titlebar.swift; sourceTree = "<group>"; };
		37D99C6C26B81AAD0015FEEE /* Notifications.swift */ = {isa = PBXFileReference; lastKnownFileType = sourcecode.swift; path = Notifications.swift; sourceTree = "<group>"; };
		37D99C6F26B81BC70015FEEE /* NotificationsView.swift */ = {isa = PBXFileReference; lastKnownFileType = sourcecode.swift; path = NotificationsView.swift; sourceTree = "<group>"; };
/* End PBXFileReference section */

/* Begin PBXFrameworksBuildPhase section */
		3763BB6F26AA1E99001BEE76 /* Frameworks */ = {
			isa = PBXFrameworksBuildPhase;
			buildActionMask = 2147483647;
			files = (
				3763BBB026AA1F19001BEE76 /* Substate in Frameworks */,
				3763BBB226AA1F19001BEE76 /* SubstateMiddleware in Frameworks */,
				3763BBB426AA1F19001BEE76 /* SubstateUI in Frameworks */,
			);
			runOnlyForDeploymentPostprocessing = 0;
		};
		3763BB7526AA1E99001BEE76 /* Frameworks */ = {
			isa = PBXFrameworksBuildPhase;
			buildActionMask = 2147483647;
			files = (
				3763BBB626AA1F20001BEE76 /* Substate in Frameworks */,
				3763BBB826AA1F20001BEE76 /* SubstateMiddleware in Frameworks */,
				3763BBBA26AA1F20001BEE76 /* SubstateUI in Frameworks */,
			);
			runOnlyForDeploymentPostprocessing = 0;
		};
		3763BB7A26AA1E99001BEE76 /* Frameworks */ = {
			isa = PBXFrameworksBuildPhase;
			buildActionMask = 2147483647;
			files = (
			);
			runOnlyForDeploymentPostprocessing = 0;
		};
		3763BB8426AA1E99001BEE76 /* Frameworks */ = {
			isa = PBXFrameworksBuildPhase;
			buildActionMask = 2147483647;
			files = (
			);
			runOnlyForDeploymentPostprocessing = 0;
		};
/* End PBXFrameworksBuildPhase section */

/* Begin PBXGroup section */
		373DA23126BA8FD9008E77BA /* Triggers */ = {
			isa = PBXGroup;
			children = (
				37D99C5E26B60D390015FEEE /* AppTriggers.swift */,
				373DA23226BA8FEF008E77BA /* SoundTriggers.swift */,
				373DA23526BA8FF6008E77BA /* NotificationTriggers.swift */,
				37752A5626BCA48A00730E7D /* SaveTriggers.swift */,
			);
			path = Triggers;
			sourceTree = "<group>";
		};
		3763BB6526AA1E98001BEE76 = {
			isa = PBXGroup;
			children = (
				3763BB6A26AA1E98001BEE76 /* Shared */,
				3763BB8026AA1E99001BEE76 /* Tests iOS */,
				3763BB8A26AA1E99001BEE76 /* Tests macOS */,
				3763BB7326AA1E99001BEE76 /* Products */,
				3763BBAE26AA1F19001BEE76 /* Frameworks */,
			);
			sourceTree = "<group>";
		};
		3763BB6A26AA1E98001BEE76 /* Shared */ = {
			isa = PBXGroup;
			children = (
				3763BB6B26AA1E98001BEE76 /* TodosApp.swift */,
				3763BBD026AAB805001BEE76 /* TodosAppView.swift */,
				3763BBBF26AA3B04001BEE76 /* TodosAppModel.swift */,
				37C428EE26B9936200C26503 /* TodosAppFunnels.swift */,
				373DA23126BA8FD9008E77BA /* Triggers */,
				37752A4526BC90B400730E7D /* Features */,
				37D99C6A26B7D8110015FEEE /* Task */,
				3763BBBE26AA3AE8001BEE76 /* List */,
				3763BBD426AAB8F4001BEE76 /* Titlebar */,
				3763BBC126AA4086001BEE76 /* Toolbar */,
				3763BB6D26AA1E99001BEE76 /* Assets.xcassets */,
			);
			path = Shared;
			sourceTree = "<group>";
		};
		3763BB7326AA1E99001BEE76 /* Products */ = {
			isa = PBXGroup;
			children = (
				3763BB7226AA1E99001BEE76 /* Todos.app */,
				3763BB7826AA1E99001BEE76 /* Todos.app */,
				3763BB7D26AA1E99001BEE76 /* Tests iOS.xctest */,
				3763BB8726AA1E99001BEE76 /* Tests macOS.xctest */,
			);
			name = Products;
			sourceTree = "<group>";
		};
		3763BB8026AA1E99001BEE76 /* Tests iOS */ = {
			isa = PBXGroup;
			children = (
				3763BB8126AA1E99001BEE76 /* Tests_iOS.swift */,
			);
			path = "Tests iOS";
			sourceTree = "<group>";
		};
		3763BB8A26AA1E99001BEE76 /* Tests macOS */ = {
			isa = PBXGroup;
			children = (
				3763BB8B26AA1E99001BEE76 /* Tests_macOS.swift */,
			);
			path = "Tests macOS";
			sourceTree = "<group>";
		};
		3763BBAE26AA1F19001BEE76 /* Frameworks */ = {
			isa = PBXGroup;
			children = (
			);
			name = Frameworks;
			sourceTree = "<group>";
		};
		3763BBBE26AA3AE8001BEE76 /* List */ = {
			isa = PBXGroup;
			children = (
				3763BBC726AA40A8001BEE76 /* ListView.swift */,
				3763BBC926AA40AF001BEE76 /* ListViewModel.swift */,
				3763BBE026AB84EF001BEE76 /* ListRowView.swift */,
			);
			path = List;
			sourceTree = "<group>";
		};
		3763BBC126AA4086001BEE76 /* Toolbar */ = {
			isa = PBXGroup;
			children = (
				37D99C6126B616FB0015FEEE /* Toolbar.swift */,
				3763BBC226AA4090001BEE76 /* ToolbarView.swift */,
			);
			path = Toolbar;
			sourceTree = "<group>";
		};
		3763BBD426AAB8F4001BEE76 /* Titlebar */ = {
			isa = PBXGroup;
			children = (
				37D99C6726B7D7DC0015FEEE /* Titlebar.swift */,
				3763BBD226AAB8F1001BEE76 /* TitlebarView.swift */,
			);
			path = Titlebar;
			sourceTree = "<group>";
		};
		37752A4526BC90B400730E7D /* Features */ = {
			isa = PBXGroup;
			children = (
				37752A4626BC90FD00730E7D /* Tabs */,
				37752A4C26BCA17D00730E7D /* Tasks */,
				37752A4926BCA15300730E7D /* Settings */,
				37752A4F26BCA28F00730E7D /* Themes */,
				37D99C6B26B81AA00015FEEE /* Notifications */,
				37C428F126B9E3A400C26503 /* Sound */,
			);
			path = Features;
			sourceTree = "<group>";
		};
		37752A4626BC90FD00730E7D /* Tabs */ = {
			isa = PBXGroup;
			children = (
				37752A5826BCA51B00730E7D /* Tab.swift */,
				37752A4726BC911000730E7D /* Tabs.swift */,
				37752A5A26BCA5DC00730E7D /* TabsContainer.swift */,
			);
			path = Tabs;
			sourceTree = "<group>";
		};
		37752A4926BCA15300730E7D /* Settings */ = {
			isa = PBXGroup;
			children = (
				37752A5426BCA3A900730E7D /* Settings.swift */,
				37752A5E26BCAA5500730E7D /* Settings+UI.swift */,
				37752A4A26BCA15E00730E7D /* SettingsScreen.swift */,
			);
			path = Settings;
			sourceTree = "<group>";
		};
		37752A4C26BCA17D00730E7D /* Tasks */ = {
			isa = PBXGroup;
			children = (
				37752A4D26BCA18800730E7D /* TasksScreen.swift */,
				3730CA8D26BD863F001B1558 /* CreateTaskScreen.swift */,
				3730CA8F26BD86D7001B1558 /* CreateTaskScreenModel.swift */,
			);
			path = Tasks;
			sourceTree = "<group>";
		};
		37752A4F26BCA28F00730E7D /* Themes */ = {
			isa = PBXGroup;
			children = (
				37752A5C26BCA7B600730E7D /* Theme.swift */,
				37752A5226BCA32100730E7D /* Theme+UI.swift */,
				37752A5026BCA2AE00730E7D /* Themes.swift */,
			);
			path = Themes;
			sourceTree = "<group>";
		};
		37C428F126B9E3A400C26503 /* Sound */ = {
			isa = PBXGroup;
			children = (
				37D99C6426B617B20015FEEE /* Sound.swift */,
				37C428F226B9E3D000C26503 /* SoundPlayer.swift */,
				373DA22826BA078D008E77BA /* pop.wav */,
				373DA22726BA078D008E77BA /* pow.wav */,
				373DA22526BA078D008E77BA /* twinkle.wav */,
				3730CA9126BD8D41001B1558 /* swish.wav */,
				3730CA9326BD8E56001B1558 /* click.wav */,
				373DA22626BA078D008E77BA /* warp.wav */,
			);
			path = Sound;
			sourceTree = "<group>";
		};
		37D99C6A26B7D8110015FEEE /* Task */ = {
			isa = PBXGroup;
			children = (
				3763BBCC26AA4117001BEE76 /* Task.swift */,
				3763BBCE26AA411F001BEE76 /* TaskList.swift */,
				376FEA6326B36A23004BD597 /* Filter.swift */,
			);
			path = Task;
			sourceTree = "<group>";
		};
		37D99C6B26B81AA00015FEEE /* Notifications */ = {
			isa = PBXGroup;
			children = (
				37D99C6C26B81AAD0015FEEE /* Notifications.swift */,
				37D99C6F26B81BC70015FEEE /* NotificationsView.swift */,
				37C428EB26B97AAD00C26503 /* Notifications+ShowForTask.swift */,
				3730CA9526BDECE3001B1558 /* NotificationView.swift */,
			);
			path = Notifications;
			sourceTree = "<group>";
		};
/* End PBXGroup section */

/* Begin PBXNativeTarget section */
		3763BB7126AA1E99001BEE76 /* Todos (iOS) */ = {
			isa = PBXNativeTarget;
			buildConfigurationList = 3763BB9526AA1E99001BEE76 /* Build configuration list for PBXNativeTarget "Todos (iOS)" */;
			buildPhases = (
				3763BB6E26AA1E99001BEE76 /* Sources */,
				3763BB6F26AA1E99001BEE76 /* Frameworks */,
				3763BB7026AA1E99001BEE76 /* Resources */,
			);
			buildRules = (
			);
			dependencies = (
			);
			name = "Todos (iOS)";
			packageProductDependencies = (
				3763BBAF26AA1F19001BEE76 /* Substate */,
				3763BBB126AA1F19001BEE76 /* SubstateMiddleware */,
				3763BBB326AA1F19001BEE76 /* SubstateUI */,
			);
			productName = "Todos (iOS)";
			productReference = 3763BB7226AA1E99001BEE76 /* Todos.app */;
			productType = "com.apple.product-type.application";
		};
		3763BB7726AA1E99001BEE76 /* Todos (macOS) */ = {
			isa = PBXNativeTarget;
			buildConfigurationList = 3763BB9826AA1E99001BEE76 /* Build configuration list for PBXNativeTarget "Todos (macOS)" */;
			buildPhases = (
				3763BB7426AA1E99001BEE76 /* Sources */,
				3763BB7526AA1E99001BEE76 /* Frameworks */,
				3763BB7626AA1E99001BEE76 /* Resources */,
			);
			buildRules = (
			);
			dependencies = (
			);
			name = "Todos (macOS)";
			packageProductDependencies = (
				3763BBB526AA1F20001BEE76 /* Substate */,
				3763BBB726AA1F20001BEE76 /* SubstateMiddleware */,
				3763BBB926AA1F20001BEE76 /* SubstateUI */,
			);
			productName = "Todos (macOS)";
			productReference = 3763BB7826AA1E99001BEE76 /* Todos.app */;
			productType = "com.apple.product-type.application";
		};
		3763BB7C26AA1E99001BEE76 /* Tests iOS */ = {
			isa = PBXNativeTarget;
			buildConfigurationList = 3763BB9B26AA1E99001BEE76 /* Build configuration list for PBXNativeTarget "Tests iOS" */;
			buildPhases = (
				3763BB7926AA1E99001BEE76 /* Sources */,
				3763BB7A26AA1E99001BEE76 /* Frameworks */,
				3763BB7B26AA1E99001BEE76 /* Resources */,
			);
			buildRules = (
			);
			dependencies = (
				3763BB7F26AA1E99001BEE76 /* PBXTargetDependency */,
			);
			name = "Tests iOS";
			productName = "Tests iOS";
			productReference = 3763BB7D26AA1E99001BEE76 /* Tests iOS.xctest */;
			productType = "com.apple.product-type.bundle.ui-testing";
		};
		3763BB8626AA1E99001BEE76 /* Tests macOS */ = {
			isa = PBXNativeTarget;
			buildConfigurationList = 3763BB9E26AA1E99001BEE76 /* Build configuration list for PBXNativeTarget "Tests macOS" */;
			buildPhases = (
				3763BB8326AA1E99001BEE76 /* Sources */,
				3763BB8426AA1E99001BEE76 /* Frameworks */,
				3763BB8526AA1E99001BEE76 /* Resources */,
			);
			buildRules = (
			);
			dependencies = (
				3763BB8926AA1E99001BEE76 /* PBXTargetDependency */,
			);
			name = "Tests macOS";
			productName = "Tests macOS";
			productReference = 3763BB8726AA1E99001BEE76 /* Tests macOS.xctest */;
			productType = "com.apple.product-type.bundle.ui-testing";
		};
/* End PBXNativeTarget section */

/* Begin PBXProject section */
		3763BB6626AA1E98001BEE76 /* Project object */ = {
			isa = PBXProject;
			attributes = {
				BuildIndependentTargetsInParallel = 1;
				LastSwiftUpdateCheck = 1300;
				LastUpgradeCheck = 1320;
				TargetAttributes = {
					3763BB7126AA1E99001BEE76 = {
						CreatedOnToolsVersion = 13.0;
					};
					3763BB7726AA1E99001BEE76 = {
						CreatedOnToolsVersion = 13.0;
					};
					3763BB7C26AA1E99001BEE76 = {
						CreatedOnToolsVersion = 13.0;
						TestTargetID = 3763BB7126AA1E99001BEE76;
					};
					3763BB8626AA1E99001BEE76 = {
						CreatedOnToolsVersion = 13.0;
						TestTargetID = 3763BB7726AA1E99001BEE76;
					};
				};
			};
			buildConfigurationList = 3763BB6926AA1E98001BEE76 /* Build configuration list for PBXProject "Todos" */;
			compatibilityVersion = "Xcode 13.0";
			developmentRegion = en;
			hasScannedForEncodings = 0;
			knownRegions = (
				en,
				Base,
			);
			mainGroup = 3763BB6526AA1E98001BEE76;
			productRefGroup = 3763BB7326AA1E99001BEE76 /* Products */;
			projectDirPath = "";
			projectRoot = "";
			targets = (
				3763BB7126AA1E99001BEE76 /* Todos (iOS) */,
				3763BB7726AA1E99001BEE76 /* Todos (macOS) */,
				3763BB7C26AA1E99001BEE76 /* Tests iOS */,
				3763BB8626AA1E99001BEE76 /* Tests macOS */,
			);
		};
/* End PBXProject section */

/* Begin PBXResourcesBuildPhase section */
		3763BB7026AA1E99001BEE76 /* Resources */ = {
			isa = PBXResourcesBuildPhase;
			buildActionMask = 2147483647;
			files = (
				373DA22B26BA078D008E77BA /* warp.wav in Resources */,
				3730CA9426BD8E56001B1558 /* click.wav in Resources */,
				3730CA9226BD8D41001B1558 /* swish.wav in Resources */,
				373DA22D26BA078D008E77BA /* pow.wav in Resources */,
				373DA22F26BA078D008E77BA /* pop.wav in Resources */,
				3763BB9126AA1E99001BEE76 /* Assets.xcassets in Resources */,
				373DA22926BA078D008E77BA /* twinkle.wav in Resources */,
			);
			runOnlyForDeploymentPostprocessing = 0;
		};
		3763BB7626AA1E99001BEE76 /* Resources */ = {
			isa = PBXResourcesBuildPhase;
			buildActionMask = 2147483647;
			files = (
				373DA22C26BA078D008E77BA /* warp.wav in Resources */,
				373DA22E26BA078D008E77BA /* pow.wav in Resources */,
				373DA23026BA078D008E77BA /* pop.wav in Resources */,
				3763BB9226AA1E99001BEE76 /* Assets.xcassets in Resources */,
				373DA22A26BA078D008E77BA /* twinkle.wav in Resources */,
			);
			runOnlyForDeploymentPostprocessing = 0;
		};
		3763BB7B26AA1E99001BEE76 /* Resources */ = {
			isa = PBXResourcesBuildPhase;
			buildActionMask = 2147483647;
			files = (
			);
			runOnlyForDeploymentPostprocessing = 0;
		};
		3763BB8526AA1E99001BEE76 /* Resources */ = {
			isa = PBXResourcesBuildPhase;
			buildActionMask = 2147483647;
			files = (
			);
			runOnlyForDeploymentPostprocessing = 0;
		};
/* End PBXResourcesBuildPhase section */

/* Begin PBXSourcesBuildPhase section */
		3763BB6E26AA1E99001BEE76 /* Sources */ = {
			isa = PBXSourcesBuildPhase;
			buildActionMask = 2147483647;
			files = (
				37752A5B26BCA5DC00730E7D /* TabsContainer.swift in Sources */,
				37D99C6826B7D7DC0015FEEE /* Titlebar.swift in Sources */,
				3763BBCD26AA4117001BEE76 /* Task.swift in Sources */,
				3763BBD326AAB8F1001BEE76 /* TitlebarView.swift in Sources */,
				3763BBC826AA40A8001BEE76 /* ListView.swift in Sources */,
				37752A4E26BCA18800730E7D /* TasksScreen.swift in Sources */,
				3763BBCA26AA40AF001BEE76 /* ListViewModel.swift in Sources */,
				3730CA9026BD86D7001B1558 /* CreateTaskScreenModel.swift in Sources */,
				37D99C5F26B60D390015FEEE /* AppTriggers.swift in Sources */,
				37D99C7026B81BC70015FEEE /* NotificationsView.swift in Sources */,
				37C428EC26B97AAD00C26503 /* Notifications+ShowForTask.swift in Sources */,
				3763BBD126AAB805001BEE76 /* TodosAppView.swift in Sources */,
				37D99C6226B616FB0015FEEE /* Toolbar.swift in Sources */,
				37D99C6D26B81AAD0015FEEE /* Notifications.swift in Sources */,
				37D99C6526B617B20015FEEE /* Sound.swift in Sources */,
				373DA23326BA8FEF008E77BA /* SoundTriggers.swift in Sources */,
				37C428EF26B9936200C26503 /* TodosAppFunnels.swift in Sources */,
				3763BBCF26AA411F001BEE76 /* TaskList.swift in Sources */,
				3763BB8D26AA1E99001BEE76 /* TodosApp.swift in Sources */,
				37752A4B26BCA15E00730E7D /* SettingsScreen.swift in Sources */,
				37752A5526BCA3A900730E7D /* Settings.swift in Sources */,
				3763BBC326AA4090001BEE76 /* ToolbarView.swift in Sources */,
				376FEA6426B36A23004BD597 /* Filter.swift in Sources */,
				3730CA8E26BD863F001B1558 /* CreateTaskScreen.swift in Sources */,
				37C428F326B9E3D000C26503 /* SoundPlayer.swift in Sources */,
				37752A5726BCA48A00730E7D /* SaveTriggers.swift in Sources */,
				37752A5126BCA2AE00730E7D /* Themes.swift in Sources */,
				37752A5F26BCAA5500730E7D /* Settings+UI.swift in Sources */,
				37752A5D26BCA7B600730E7D /* Theme.swift in Sources */,
				3763BBC026AA3B04001BEE76 /* TodosAppModel.swift in Sources */,
				3763BBE126AB84EF001BEE76 /* ListRowView.swift in Sources */,
				37752A5326BCA32100730E7D /* Theme+UI.swift in Sources */,
				37752A5926BCA51B00730E7D /* Tab.swift in Sources */,
				37752A4826BC911000730E7D /* Tabs.swift in Sources */,
				373DA23626BA8FF6008E77BA /* NotificationTriggers.swift in Sources */,
				3730CA9626BDECE3001B1558 /* NotificationView.swift in Sources */,
			);
			runOnlyForDeploymentPostprocessing = 0;
		};
		3763BB7426AA1E99001BEE76 /* Sources */ = {
			isa = PBXSourcesBuildPhase;
			buildActionMask = 2147483647;
			files = (
				37D99C6926B7D7DC0015FEEE /* Titlebar.swift in Sources */,
				3763BBC626AA40A2001BEE76 /* TodosAppModel.swift in Sources */,
				3763BBD926AB8336001BEE76 /* TaskList.swift in Sources */,
				3763BBD726AB8326001BEE76 /* TodosAppView.swift in Sources */,
				3763BBDB26AB834B001BEE76 /* ListView.swift in Sources */,
				3763BB8E26AA1E99001BEE76 /* TodosApp.swift in Sources */,
				37D99C7126B81BC70015FEEE /* NotificationsView.swift in Sources */,
				37C428ED26B97AAD00C26503 /* Notifications+ShowForTask.swift in Sources */,
				3763BBDA26AB8343001BEE76 /* Task.swift in Sources */,
				37D99C6026B60D390015FEEE /* AppTriggers.swift in Sources */,
				37D99C6E26B81AAD0015FEEE /* Notifications.swift in Sources */,
				3763BBDE26AB8350001BEE76 /* ToolbarView.swift in Sources */,
				373DA23426BA8FEF008E77BA /* SoundTriggers.swift in Sources */,
				37C428F026B9936200C26503 /* TodosAppFunnels.swift in Sources */,
				37D99C6626B617B20015FEEE /* Sound.swift in Sources */,
				37D99C6326B616FB0015FEEE /* Toolbar.swift in Sources */,
				3763BBDC26AB834B001BEE76 /* ListViewModel.swift in Sources */,
				3763BBD826AB832B001BEE76 /* TitlebarView.swift in Sources */,
				37C428F426B9E3D000C26503 /* SoundPlayer.swift in Sources */,
				376FEA6526B36A23004BD597 /* Filter.swift in Sources */,
				3716C81B26B2308D005B9ACA /* ListRowView.swift in Sources */,
				373DA23726BA8FF6008E77BA /* NotificationTriggers.swift in Sources */,
			);
			runOnlyForDeploymentPostprocessing = 0;
		};
		3763BB7926AA1E99001BEE76 /* Sources */ = {
			isa = PBXSourcesBuildPhase;
			buildActionMask = 2147483647;
			files = (
				3763BB8226AA1E99001BEE76 /* Tests_iOS.swift in Sources */,
			);
			runOnlyForDeploymentPostprocessing = 0;
		};
		3763BB8326AA1E99001BEE76 /* Sources */ = {
			isa = PBXSourcesBuildPhase;
			buildActionMask = 2147483647;
			files = (
				3763BB8C26AA1E99001BEE76 /* Tests_macOS.swift in Sources */,
			);
			runOnlyForDeploymentPostprocessing = 0;
		};
/* End PBXSourcesBuildPhase section */

/* Begin PBXTargetDependency section */
		3763BB7F26AA1E99001BEE76 /* PBXTargetDependency */ = {
			isa = PBXTargetDependency;
			target = 3763BB7126AA1E99001BEE76 /* Todos (iOS) */;
			targetProxy = 3763BB7E26AA1E99001BEE76 /* PBXContainerItemProxy */;
		};
		3763BB8926AA1E99001BEE76 /* PBXTargetDependency */ = {
			isa = PBXTargetDependency;
			target = 3763BB7726AA1E99001BEE76 /* Todos (macOS) */;
			targetProxy = 3763BB8826AA1E99001BEE76 /* PBXContainerItemProxy */;
		};
/* End PBXTargetDependency section */

/* Begin XCBuildConfiguration section */
		3763BB9326AA1E99001BEE76 /* Debug */ = {
			isa = XCBuildConfiguration;
			buildSettings = {
				ALWAYS_SEARCH_USER_PATHS = NO;
				CLANG_ANALYZER_NONNULL = YES;
				CLANG_ANALYZER_NUMBER_OBJECT_CONVERSION = YES_AGGRESSIVE;
				CLANG_CXX_LANGUAGE_STANDARD = "gnu++14";
				CLANG_CXX_LIBRARY = "libc++";
				CLANG_ENABLE_MODULES = YES;
				CLANG_ENABLE_OBJC_ARC = YES;
				CLANG_ENABLE_OBJC_WEAK = YES;
				CLANG_WARN_BLOCK_CAPTURE_AUTORELEASING = YES;
				CLANG_WARN_BOOL_CONVERSION = YES;
				CLANG_WARN_COMMA = YES;
				CLANG_WARN_CONSTANT_CONVERSION = YES;
				CLANG_WARN_DEPRECATED_OBJC_IMPLEMENTATIONS = YES;
				CLANG_WARN_DIRECT_OBJC_ISA_USAGE = YES_ERROR;
				CLANG_WARN_DOCUMENTATION_COMMENTS = YES;
				CLANG_WARN_EMPTY_BODY = YES;
				CLANG_WARN_ENUM_CONVERSION = YES;
				CLANG_WARN_INFINITE_RECURSION = YES;
				CLANG_WARN_INT_CONVERSION = YES;
				CLANG_WARN_NON_LITERAL_NULL_CONVERSION = YES;
				CLANG_WARN_OBJC_IMPLICIT_RETAIN_SELF = YES;
				CLANG_WARN_OBJC_LITERAL_CONVERSION = YES;
				CLANG_WARN_OBJC_ROOT_CLASS = YES_ERROR;
				CLANG_WARN_QUOTED_INCLUDE_IN_FRAMEWORK_HEADER = YES;
				CLANG_WARN_RANGE_LOOP_ANALYSIS = YES;
				CLANG_WARN_STRICT_PROTOTYPES = YES;
				CLANG_WARN_SUSPICIOUS_MOVE = YES;
				CLANG_WARN_UNGUARDED_AVAILABILITY = YES_AGGRESSIVE;
				CLANG_WARN_UNREACHABLE_CODE = YES;
				CLANG_WARN__DUPLICATE_METHOD_MATCH = YES;
				COPY_PHASE_STRIP = NO;
				DEBUG_INFORMATION_FORMAT = dwarf;
				ENABLE_STRICT_OBJC_MSGSEND = YES;
				ENABLE_TESTABILITY = YES;
				GCC_C_LANGUAGE_STANDARD = gnu11;
				GCC_DYNAMIC_NO_PIC = NO;
				GCC_NO_COMMON_BLOCKS = YES;
				GCC_OPTIMIZATION_LEVEL = 0;
				GCC_PREPROCESSOR_DEFINITIONS = (
					"DEBUG=1",
					"$(inherited)",
				);
				GCC_WARN_64_TO_32_BIT_CONVERSION = YES;
				GCC_WARN_ABOUT_RETURN_TYPE = YES_ERROR;
				GCC_WARN_UNDECLARED_SELECTOR = YES;
				GCC_WARN_UNINITIALIZED_AUTOS = YES_AGGRESSIVE;
				GCC_WARN_UNUSED_FUNCTION = YES;
				GCC_WARN_UNUSED_VARIABLE = YES;
				MTL_ENABLE_DEBUG_INFO = INCLUDE_SOURCE;
				MTL_FAST_MATH = YES;
				ONLY_ACTIVE_ARCH = YES;
				SWIFT_ACTIVE_COMPILATION_CONDITIONS = DEBUG;
				SWIFT_OPTIMIZATION_LEVEL = "-Onone";
			};
			name = Debug;
		};
		3763BB9426AA1E99001BEE76 /* Release */ = {
			isa = XCBuildConfiguration;
			buildSettings = {
				ALWAYS_SEARCH_USER_PATHS = NO;
				CLANG_ANALYZER_NONNULL = YES;
				CLANG_ANALYZER_NUMBER_OBJECT_CONVERSION = YES_AGGRESSIVE;
				CLANG_CXX_LANGUAGE_STANDARD = "gnu++14";
				CLANG_CXX_LIBRARY = "libc++";
				CLANG_ENABLE_MODULES = YES;
				CLANG_ENABLE_OBJC_ARC = YES;
				CLANG_ENABLE_OBJC_WEAK = YES;
				CLANG_WARN_BLOCK_CAPTURE_AUTORELEASING = YES;
				CLANG_WARN_BOOL_CONVERSION = YES;
				CLANG_WARN_COMMA = YES;
				CLANG_WARN_CONSTANT_CONVERSION = YES;
				CLANG_WARN_DEPRECATED_OBJC_IMPLEMENTATIONS = YES;
				CLANG_WARN_DIRECT_OBJC_ISA_USAGE = YES_ERROR;
				CLANG_WARN_DOCUMENTATION_COMMENTS = YES;
				CLANG_WARN_EMPTY_BODY = YES;
				CLANG_WARN_ENUM_CONVERSION = YES;
				CLANG_WARN_INFINITE_RECURSION = YES;
				CLANG_WARN_INT_CONVERSION = YES;
				CLANG_WARN_NON_LITERAL_NULL_CONVERSION = YES;
				CLANG_WARN_OBJC_IMPLICIT_RETAIN_SELF = YES;
				CLANG_WARN_OBJC_LITERAL_CONVERSION = YES;
				CLANG_WARN_OBJC_ROOT_CLASS = YES_ERROR;
				CLANG_WARN_QUOTED_INCLUDE_IN_FRAMEWORK_HEADER = YES;
				CLANG_WARN_RANGE_LOOP_ANALYSIS = YES;
				CLANG_WARN_STRICT_PROTOTYPES = YES;
				CLANG_WARN_SUSPICIOUS_MOVE = YES;
				CLANG_WARN_UNGUARDED_AVAILABILITY = YES_AGGRESSIVE;
				CLANG_WARN_UNREACHABLE_CODE = YES;
				CLANG_WARN__DUPLICATE_METHOD_MATCH = YES;
				COPY_PHASE_STRIP = NO;
				DEBUG_INFORMATION_FORMAT = "dwarf-with-dsym";
				ENABLE_NS_ASSERTIONS = NO;
				ENABLE_STRICT_OBJC_MSGSEND = YES;
				GCC_C_LANGUAGE_STANDARD = gnu11;
				GCC_NO_COMMON_BLOCKS = YES;
				GCC_WARN_64_TO_32_BIT_CONVERSION = YES;
				GCC_WARN_ABOUT_RETURN_TYPE = YES_ERROR;
				GCC_WARN_UNDECLARED_SELECTOR = YES;
				GCC_WARN_UNINITIALIZED_AUTOS = YES_AGGRESSIVE;
				GCC_WARN_UNUSED_FUNCTION = YES;
				GCC_WARN_UNUSED_VARIABLE = YES;
				MTL_ENABLE_DEBUG_INFO = NO;
				MTL_FAST_MATH = YES;
				SWIFT_COMPILATION_MODE = wholemodule;
				SWIFT_OPTIMIZATION_LEVEL = "-O";
			};
			name = Release;
		};
		3763BB9626AA1E99001BEE76 /* Debug */ = {
			isa = XCBuildConfiguration;
			buildSettings = {
				ASSETCATALOG_COMPILER_APPICON_NAME = AppIcon;
				ASSETCATALOG_COMPILER_GLOBAL_ACCENT_COLOR_NAME = AccentColor;
				CODE_SIGN_STYLE = Automatic;
				CURRENT_PROJECT_VERSION = 1;
				DEVELOPMENT_TEAM = W48Z9ZM8JR;
				ENABLE_PREVIEWS = YES;
				GENERATE_INFOPLIST_FILE = YES;
				INFOPLIST_KEY_UIApplicationSceneManifest_Generation = YES;
				INFOPLIST_KEY_UIApplicationSupportsIndirectInputEvents = YES;
				INFOPLIST_KEY_UILaunchScreen_Generation = YES;
				INFOPLIST_KEY_UISupportedInterfaceOrientations_iPad = "UIInterfaceOrientationPortrait UIInterfaceOrientationPortraitUpsideDown UIInterfaceOrientationLandscapeLeft UIInterfaceOrientationLandscapeRight";
				INFOPLIST_KEY_UISupportedInterfaceOrientations_iPhone = "UIInterfaceOrientationPortrait UIInterfaceOrientationLandscapeLeft UIInterfaceOrientationLandscapeRight";
				IPHONEOS_DEPLOYMENT_TARGET = 15.0;
				LD_RUNPATH_SEARCH_PATHS = (
					"$(inherited)",
					"@executable_path/Frameworks",
				);
				MARKETING_VERSION = 1.0;
				PRODUCT_BUNDLE_IDENTIFIER = studio.soundry.Todos;
				PRODUCT_NAME = Todos;
				SDKROOT = iphoneos;
				SWIFT_EMIT_LOC_STRINGS = YES;
				SWIFT_VERSION = 5.0;
				TARGETED_DEVICE_FAMILY = "1,2";
			};
			name = Debug;
		};
		3763BB9726AA1E99001BEE76 /* Release */ = {
			isa = XCBuildConfiguration;
			buildSettings = {
				ASSETCATALOG_COMPILER_APPICON_NAME = AppIcon;
				ASSETCATALOG_COMPILER_GLOBAL_ACCENT_COLOR_NAME = AccentColor;
				CODE_SIGN_STYLE = Automatic;
				CURRENT_PROJECT_VERSION = 1;
				DEVELOPMENT_TEAM = W48Z9ZM8JR;
				ENABLE_PREVIEWS = YES;
				GENERATE_INFOPLIST_FILE = YES;
				INFOPLIST_KEY_UIApplicationSceneManifest_Generation = YES;
				INFOPLIST_KEY_UIApplicationSupportsIndirectInputEvents = YES;
				INFOPLIST_KEY_UILaunchScreen_Generation = YES;
				INFOPLIST_KEY_UISupportedInterfaceOrientations_iPad = "UIInterfaceOrientationPortrait UIInterfaceOrientationPortraitUpsideDown UIInterfaceOrientationLandscapeLeft UIInterfaceOrientationLandscapeRight";
				INFOPLIST_KEY_UISupportedInterfaceOrientations_iPhone = "UIInterfaceOrientationPortrait UIInterfaceOrientationLandscapeLeft UIInterfaceOrientationLandscapeRight";
				IPHONEOS_DEPLOYMENT_TARGET = 15.0;
				LD_RUNPATH_SEARCH_PATHS = (
					"$(inherited)",
					"@executable_path/Frameworks",
				);
				MARKETING_VERSION = 1.0;
				PRODUCT_BUNDLE_IDENTIFIER = studio.soundry.Todos;
				PRODUCT_NAME = Todos;
				SDKROOT = iphoneos;
				SWIFT_EMIT_LOC_STRINGS = YES;
				SWIFT_VERSION = 5.0;
				TARGETED_DEVICE_FAMILY = "1,2";
				VALIDATE_PRODUCT = YES;
			};
			name = Release;
		};
		3763BB9926AA1E99001BEE76 /* Debug */ = {
			isa = XCBuildConfiguration;
			buildSettings = {
				ASSETCATALOG_COMPILER_APPICON_NAME = AppIcon;
				ASSETCATALOG_COMPILER_GLOBAL_ACCENT_COLOR_NAME = AccentColor;
				CODE_SIGN_IDENTITY = "-";
				CODE_SIGN_STYLE = Automatic;
				COMBINE_HIDPI_IMAGES = YES;
				CURRENT_PROJECT_VERSION = 1;
				DEVELOPMENT_TEAM = W48Z9ZM8JR;
				ENABLE_APP_SANDBOX = YES;
				ENABLE_HARDENED_RUNTIME = YES;
				ENABLE_PREVIEWS = YES;
				ENABLE_USER_SELECTED_FILES = readonly;
				GENERATE_INFOPLIST_FILE = YES;
				INFOPLIST_KEY_NSHumanReadableCopyright = "";
				LD_RUNPATH_SEARCH_PATHS = (
					"$(inherited)",
					"@executable_path/../Frameworks",
				);
				MACOSX_DEPLOYMENT_TARGET = 11.0;
				MARKETING_VERSION = 1.0;
				PRODUCT_BUNDLE_IDENTIFIER = studio.soundry.Todos;
				PRODUCT_NAME = Todos;
				SDKROOT = macosx;
				SWIFT_EMIT_LOC_STRINGS = YES;
				SWIFT_VERSION = 5.0;
			};
			name = Debug;
		};
		3763BB9A26AA1E99001BEE76 /* Release */ = {
			isa = XCBuildConfiguration;
			buildSettings = {
				ASSETCATALOG_COMPILER_APPICON_NAME = AppIcon;
				ASSETCATALOG_COMPILER_GLOBAL_ACCENT_COLOR_NAME = AccentColor;
				CODE_SIGN_IDENTITY = "-";
				CODE_SIGN_STYLE = Automatic;
				COMBINE_HIDPI_IMAGES = YES;
				CURRENT_PROJECT_VERSION = 1;
				DEVELOPMENT_TEAM = W48Z9ZM8JR;
				ENABLE_APP_SANDBOX = YES;
				ENABLE_HARDENED_RUNTIME = YES;
				ENABLE_PREVIEWS = YES;
				ENABLE_USER_SELECTED_FILES = readonly;
				GENERATE_INFOPLIST_FILE = YES;
				INFOPLIST_KEY_NSHumanReadableCopyright = "";
				LD_RUNPATH_SEARCH_PATHS = (
					"$(inherited)",
					"@executable_path/../Frameworks",
				);
				MACOSX_DEPLOYMENT_TARGET = 11.0;
				MARKETING_VERSION = 1.0;
				PRODUCT_BUNDLE_IDENTIFIER = studio.soundry.Todos;
				PRODUCT_NAME = Todos;
				SDKROOT = macosx;
				SWIFT_EMIT_LOC_STRINGS = YES;
				SWIFT_VERSION = 5.0;
			};
			name = Release;
		};
		3763BB9C26AA1E99001BEE76 /* Debug */ = {
			isa = XCBuildConfiguration;
			buildSettings = {
				ALWAYS_EMBED_SWIFT_STANDARD_LIBRARIES = YES;
				CODE_SIGN_STYLE = Automatic;
				CURRENT_PROJECT_VERSION = 1;
				DEVELOPMENT_TEAM = W48Z9ZM8JR;
				GENERATE_INFOPLIST_FILE = YES;
				IPHONEOS_DEPLOYMENT_TARGET = 15.0;
				LD_RUNPATH_SEARCH_PATHS = (
					"$(inherited)",
					"@executable_path/Frameworks",
					"@loader_path/Frameworks",
				);
				MARKETING_VERSION = 1.0;
				PRODUCT_BUNDLE_IDENTIFIER = "studio.soundry.Tests-iOS";
				PRODUCT_NAME = "$(TARGET_NAME)";
				SDKROOT = iphoneos;
				SWIFT_EMIT_LOC_STRINGS = NO;
				SWIFT_VERSION = 5.0;
				TARGETED_DEVICE_FAMILY = "1,2";
				TEST_TARGET_NAME = "Todos (iOS)";
			};
			name = Debug;
		};
		3763BB9D26AA1E99001BEE76 /* Release */ = {
			isa = XCBuildConfiguration;
			buildSettings = {
				ALWAYS_EMBED_SWIFT_STANDARD_LIBRARIES = YES;
				CODE_SIGN_STYLE = Automatic;
				CURRENT_PROJECT_VERSION = 1;
				DEVELOPMENT_TEAM = W48Z9ZM8JR;
				GENERATE_INFOPLIST_FILE = YES;
				IPHONEOS_DEPLOYMENT_TARGET = 15.0;
				LD_RUNPATH_SEARCH_PATHS = (
					"$(inherited)",
					"@executable_path/Frameworks",
					"@loader_path/Frameworks",
				);
				MARKETING_VERSION = 1.0;
				PRODUCT_BUNDLE_IDENTIFIER = "studio.soundry.Tests-iOS";
				PRODUCT_NAME = "$(TARGET_NAME)";
				SDKROOT = iphoneos;
				SWIFT_EMIT_LOC_STRINGS = NO;
				SWIFT_VERSION = 5.0;
				TARGETED_DEVICE_FAMILY = "1,2";
				TEST_TARGET_NAME = "Todos (iOS)";
				VALIDATE_PRODUCT = YES;
			};
			name = Release;
		};
		3763BB9F26AA1E99001BEE76 /* Debug */ = {
			isa = XCBuildConfiguration;
			buildSettings = {
				ALWAYS_EMBED_SWIFT_STANDARD_LIBRARIES = YES;
				CODE_SIGN_STYLE = Automatic;
				COMBINE_HIDPI_IMAGES = YES;
				CURRENT_PROJECT_VERSION = 1;
				DEVELOPMENT_TEAM = W48Z9ZM8JR;
				GENERATE_INFOPLIST_FILE = YES;
				LD_RUNPATH_SEARCH_PATHS = (
					"$(inherited)",
					"@executable_path/../Frameworks",
					"@loader_path/../Frameworks",
				);
				MACOSX_DEPLOYMENT_TARGET = 11.4;
				MARKETING_VERSION = 1.0;
				PRODUCT_BUNDLE_IDENTIFIER = "studio.soundry.Tests-macOS";
				PRODUCT_NAME = "$(TARGET_NAME)";
				SDKROOT = macosx;
				SWIFT_EMIT_LOC_STRINGS = NO;
				SWIFT_VERSION = 5.0;
				TEST_TARGET_NAME = "Todos (macOS)";
			};
			name = Debug;
		};
		3763BBA026AA1E99001BEE76 /* Release */ = {
			isa = XCBuildConfiguration;
			buildSettings = {
				ALWAYS_EMBED_SWIFT_STANDARD_LIBRARIES = YES;
				CODE_SIGN_STYLE = Automatic;
				COMBINE_HIDPI_IMAGES = YES;
				CURRENT_PROJECT_VERSION = 1;
				DEVELOPMENT_TEAM = W48Z9ZM8JR;
				GENERATE_INFOPLIST_FILE = YES;
				LD_RUNPATH_SEARCH_PATHS = (
					"$(inherited)",
					"@executable_path/../Frameworks",
					"@loader_path/../Frameworks",
				);
				MACOSX_DEPLOYMENT_TARGET = 11.4;
				MARKETING_VERSION = 1.0;
				PRODUCT_BUNDLE_IDENTIFIER = "studio.soundry.Tests-macOS";
				PRODUCT_NAME = "$(TARGET_NAME)";
				SDKROOT = macosx;
				SWIFT_EMIT_LOC_STRINGS = NO;
				SWIFT_VERSION = 5.0;
				TEST_TARGET_NAME = "Todos (macOS)";
			};
			name = Release;
		};
/* End XCBuildConfiguration section */

/* Begin XCConfigurationList section */
		3763BB6926AA1E98001BEE76 /* Build configuration list for PBXProject "Todos" */ = {
			isa = XCConfigurationList;
			buildConfigurations = (
				3763BB9326AA1E99001BEE76 /* Debug */,
				3763BB9426AA1E99001BEE76 /* Release */,
			);
			defaultConfigurationIsVisible = 0;
			defaultConfigurationName = Release;
		};
		3763BB9526AA1E99001BEE76 /* Build configuration list for PBXNativeTarget "Todos (iOS)" */ = {
			isa = XCConfigurationList;
			buildConfigurations = (
				3763BB9626AA1E99001BEE76 /* Debug */,
				3763BB9726AA1E99001BEE76 /* Release */,
			);
			defaultConfigurationIsVisible = 0;
			defaultConfigurationName = Release;
		};
		3763BB9826AA1E99001BEE76 /* Build configuration list for PBXNativeTarget "Todos (macOS)" */ = {
			isa = XCConfigurationList;
			buildConfigurations = (
				3763BB9926AA1E99001BEE76 /* Debug */,
				3763BB9A26AA1E99001BEE76 /* Release */,
			);
			defaultConfigurationIsVisible = 0;
			defaultConfigurationName = Release;
		};
		3763BB9B26AA1E99001BEE76 /* Build configuration list for PBXNativeTarget "Tests iOS" */ = {
			isa = XCConfigurationList;
			buildConfigurations = (
				3763BB9C26AA1E99001BEE76 /* Debug */,
				3763BB9D26AA1E99001BEE76 /* Release */,
			);
			defaultConfigurationIsVisible = 0;
			defaultConfigurationName = Release;
		};
		3763BB9E26AA1E99001BEE76 /* Build configuration list for PBXNativeTarget "Tests macOS" */ = {
			isa = XCConfigurationList;
			buildConfigurations = (
				3763BB9F26AA1E99001BEE76 /* Debug */,
				3763BBA026AA1E99001BEE76 /* Release */,
			);
			defaultConfigurationIsVisible = 0;
			defaultConfigurationName = Release;
		};
/* End XCConfigurationList section */

/* Begin XCSwiftPackageProductDependency section */
		3763BBAF26AA1F19001BEE76 /* Substate */ = {
			isa = XCSwiftPackageProductDependency;
			productName = Substate;
		};
		3763BBB126AA1F19001BEE76 /* SubstateMiddleware */ = {
			isa = XCSwiftPackageProductDependency;
			productName = SubstateMiddleware;
		};
		3763BBB326AA1F19001BEE76 /* SubstateUI */ = {
			isa = XCSwiftPackageProductDependency;
			productName = SubstateUI;
		};
		3763BBB526AA1F20001BEE76 /* Substate */ = {
			isa = XCSwiftPackageProductDependency;
			productName = Substate;
		};
		3763BBB726AA1F20001BEE76 /* SubstateMiddleware */ = {
			isa = XCSwiftPackageProductDependency;
			productName = SubstateMiddleware;
		};
		3763BBB926AA1F20001BEE76 /* SubstateUI */ = {
			isa = XCSwiftPackageProductDependency;
			productName = SubstateUI;
		};
/* End XCSwiftPackageProductDependency section */
	};
	rootObject = 3763BB6626AA1E98001BEE76 /* Project object */;
}
