// !$*UTF8*$!
{
	archiveVersion = 1;
	classes = {
	};
	objectVersion = 55;
	objects = {

/* Begin PBXBuildFile section */
		3763BB4626AA1E81001BEE76 /* Tests_iOS.swift in Sources */ = {isa = PBXBuildFile; fileRef = 3763BB4526AA1E81001BEE76 /* Tests_iOS.swift */; };
		3763BB5026AA1E81001BEE76 /* Tests_macOS.swift in Sources */ = {isa = PBXBuildFile; fileRef = 3763BB4F26AA1E81001BEE76 /* Tests_macOS.swift */; };
		3763BB5126AA1E81001BEE76 /* CounterApp.swift in Sources */ = {isa = PBXBuildFile; fileRef = 3763BB2F26AA1E80001BEE76 /* CounterApp.swift */; };
		3763BB5226AA1E81001BEE76 /* CounterApp.swift in Sources */ = {isa = PBXBuildFile; fileRef = 3763BB2F26AA1E80001BEE76 /* CounterApp.swift */; };
		3763BB5326AA1E81001BEE76 /* CounterView.swift in Sources */ = {isa = PBXBuildFile; fileRef = 3763BB3026AA1E80001BEE76 /* CounterView.swift */; };
		3763BB5426AA1E81001BEE76 /* CounterView.swift in Sources */ = {isa = PBXBuildFile; fileRef = 3763BB3026AA1E80001BEE76 /* CounterView.swift */; };
		3763BB5526AA1E81001BEE76 /* Assets.xcassets in Resources */ = {isa = PBXBuildFile; fileRef = 3763BB3126AA1E81001BEE76 /* Assets.xcassets */; };
		3763BB5626AA1E81001BEE76 /* Assets.xcassets in Resources */ = {isa = PBXBuildFile; fileRef = 3763BB3126AA1E81001BEE76 /* Assets.xcassets */; };
		3763BBA326AA1F02001BEE76 /* Substate in Frameworks */ = {isa = PBXBuildFile; productRef = 3763BBA226AA1F02001BEE76 /* Substate */; };
		3763BBA526AA1F02001BEE76 /* SubstateMiddleware in Frameworks */ = {isa = PBXBuildFile; productRef = 3763BBA426AA1F02001BEE76 /* SubstateMiddleware */; };
		3763BBA726AA1F02001BEE76 /* SubstateUI in Frameworks */ = {isa = PBXBuildFile; productRef = 3763BBA626AA1F02001BEE76 /* SubstateUI */; };
		3763BBA926AA1F08001BEE76 /* Substate in Frameworks */ = {isa = PBXBuildFile; productRef = 3763BBA826AA1F08001BEE76 /* Substate */; };
		3763BBAB26AA1F08001BEE76 /* SubstateMiddleware in Frameworks */ = {isa = PBXBuildFile; productRef = 3763BBAA26AA1F08001BEE76 /* SubstateMiddleware */; };
		3763BBAD26AA1F08001BEE76 /* SubstateUI in Frameworks */ = {isa = PBXBuildFile; productRef = 3763BBAC26AA1F08001BEE76 /* SubstateUI */; };
		3763BBBC26AA1FD5001BEE76 /* Counter.swift in Sources */ = {isa = PBXBuildFile; fileRef = 3763BBBB26AA1FD5001BEE76 /* Counter.swift */; };
		3763BBBD26AA1FD5001BEE76 /* Counter.swift in Sources */ = {isa = PBXBuildFile; fileRef = 3763BBBB26AA1FD5001BEE76 /* Counter.swift */; };
/* End PBXBuildFile section */

/* Begin PBXContainerItemProxy section */
		3763BB4226AA1E81001BEE76 /* PBXContainerItemProxy */ = {
			isa = PBXContainerItemProxy;
			containerPortal = 3763BB2A26AA1E80001BEE76 /* Project object */;
			proxyType = 1;
			remoteGlobalIDString = 3763BB3526AA1E81001BEE76;
			remoteInfo = "Counter (iOS)";
		};
		3763BB4C26AA1E81001BEE76 /* PBXContainerItemProxy */ = {
			isa = PBXContainerItemProxy;
			containerPortal = 3763BB2A26AA1E80001BEE76 /* Project object */;
			proxyType = 1;
			remoteGlobalIDString = 3763BB3B26AA1E81001BEE76;
			remoteInfo = "Counter (macOS)";
		};
/* End PBXContainerItemProxy section */

/* Begin PBXFileReference section */
		3716C81126B224AE005B9ACA /* Counter (macOS).entitlements */ = {isa = PBXFileReference; lastKnownFileType = text.plist.entitlements; path = "Counter (macOS).entitlements"; sourceTree = "<group>"; };
		3763BB2F26AA1E80001BEE76 /* CounterApp.swift */ = {isa = PBXFileReference; lastKnownFileType = sourcecode.swift; path = CounterApp.swift; sourceTree = "<group>"; };
		3763BB3026AA1E80001BEE76 /* CounterView.swift */ = {isa = PBXFileReference; lastKnownFileType = sourcecode.swift; path = CounterView.swift; sourceTree = "<group>"; };
		3763BB3126AA1E81001BEE76 /* Assets.xcassets */ = {isa = PBXFileReference; lastKnownFileType = folder.assetcatalog; path = Assets.xcassets; sourceTree = "<group>"; };
		3763BB3626AA1E81001BEE76 /* Counter.app */ = {isa = PBXFileReference; explicitFileType = wrapper.application; includeInIndex = 0; path = Counter.app; sourceTree = BUILT_PRODUCTS_DIR; };
		3763BB3C26AA1E81001BEE76 /* Counter.app */ = {isa = PBXFileReference; explicitFileType = wrapper.application; includeInIndex = 0; path = Counter.app; sourceTree = BUILT_PRODUCTS_DIR; };
		3763BB4126AA1E81001BEE76 /* Tests iOS.xctest */ = {isa = PBXFileReference; explicitFileType = wrapper.cfbundle; includeInIndex = 0; path = "Tests iOS.xctest"; sourceTree = BUILT_PRODUCTS_DIR; };
		3763BB4526AA1E81001BEE76 /* Tests_iOS.swift */ = {isa = PBXFileReference; lastKnownFileType = sourcecode.swift; path = Tests_iOS.swift; sourceTree = "<group>"; };
		3763BB4B26AA1E81001BEE76 /* Tests macOS.xctest */ = {isa = PBXFileReference; explicitFileType = wrapper.cfbundle; includeInIndex = 0; path = "Tests macOS.xctest"; sourceTree = BUILT_PRODUCTS_DIR; };
		3763BB4F26AA1E81001BEE76 /* Tests_macOS.swift */ = {isa = PBXFileReference; lastKnownFileType = sourcecode.swift; path = Tests_macOS.swift; sourceTree = "<group>"; };
		3763BBBB26AA1FD5001BEE76 /* Counter.swift */ = {isa = PBXFileReference; lastKnownFileType = sourcecode.swift; path = Counter.swift; sourceTree = "<group>"; };
/* End PBXFileReference section */

/* Begin PBXFrameworksBuildPhase section */
		3763BB3326AA1E81001BEE76 /* Frameworks */ = {
			isa = PBXFrameworksBuildPhase;
			buildActionMask = 2147483647;
			files = (
				3763BBA326AA1F02001BEE76 /* Substate in Frameworks */,
				3763BBA526AA1F02001BEE76 /* SubstateMiddleware in Frameworks */,
				3763BBA726AA1F02001BEE76 /* SubstateUI in Frameworks */,
			);
			runOnlyForDeploymentPostprocessing = 0;
		};
		3763BB3926AA1E81001BEE76 /* Frameworks */ = {
			isa = PBXFrameworksBuildPhase;
			buildActionMask = 2147483647;
			files = (
				3763BBA926AA1F08001BEE76 /* Substate in Frameworks */,
				3763BBAB26AA1F08001BEE76 /* SubstateMiddleware in Frameworks */,
				3763BBAD26AA1F08001BEE76 /* SubstateUI in Frameworks */,
			);
			runOnlyForDeploymentPostprocessing = 0;
		};
		3763BB3E26AA1E81001BEE76 /* Frameworks */ = {
			isa = PBXFrameworksBuildPhase;
			buildActionMask = 2147483647;
			files = (
			);
			runOnlyForDeploymentPostprocessing = 0;
		};
		3763BB4826AA1E81001BEE76 /* Frameworks */ = {
			isa = PBXFrameworksBuildPhase;
			buildActionMask = 2147483647;
			files = (
			);
			runOnlyForDeploymentPostprocessing = 0;
		};
/* End PBXFrameworksBuildPhase section */

/* Begin PBXGroup section */
		3763BB2926AA1E80001BEE76 = {
			isa = PBXGroup;
			children = (
				3716C81126B224AE005B9ACA /* Counter (macOS).entitlements */,
				3763BB2E26AA1E80001BEE76 /* Shared */,
				3763BB4426AA1E81001BEE76 /* Tests iOS */,
				3763BB4E26AA1E81001BEE76 /* Tests macOS */,
				3763BB3726AA1E81001BEE76 /* Products */,
				3763BBA126AA1F02001BEE76 /* Frameworks */,
			);
			sourceTree = "<group>";
		};
		3763BB2E26AA1E80001BEE76 /* Shared */ = {
			isa = PBXGroup;
			children = (
				3763BBBB26AA1FD5001BEE76 /* Counter.swift */,
				3763BB2F26AA1E80001BEE76 /* CounterApp.swift */,
				3763BB3026AA1E80001BEE76 /* CounterView.swift */,
				3763BB3126AA1E81001BEE76 /* Assets.xcassets */,
			);
			path = Shared;
			sourceTree = "<group>";
		};
		3763BB3726AA1E81001BEE76 /* Products */ = {
			isa = PBXGroup;
			children = (
				3763BB3626AA1E81001BEE76 /* Counter.app */,
				3763BB3C26AA1E81001BEE76 /* Counter.app */,
				3763BB4126AA1E81001BEE76 /* Tests iOS.xctest */,
				3763BB4B26AA1E81001BEE76 /* Tests macOS.xctest */,
			);
			name = Products;
			sourceTree = "<group>";
		};
		3763BB4426AA1E81001BEE76 /* Tests iOS */ = {
			isa = PBXGroup;
			children = (
				3763BB4526AA1E81001BEE76 /* Tests_iOS.swift */,
			);
			path = "Tests iOS";
			sourceTree = "<group>";
		};
		3763BB4E26AA1E81001BEE76 /* Tests macOS */ = {
			isa = PBXGroup;
			children = (
				3763BB4F26AA1E81001BEE76 /* Tests_macOS.swift */,
			);
			path = "Tests macOS";
			sourceTree = "<group>";
		};
		3763BBA126AA1F02001BEE76 /* Frameworks */ = {
			isa = PBXGroup;
			children = (
			);
			name = Frameworks;
			sourceTree = "<group>";
		};
/* End PBXGroup section */

/* Begin PBXNativeTarget section */
		3763BB3526AA1E81001BEE76 /* Counter (iOS) */ = {
			isa = PBXNativeTarget;
			buildConfigurationList = 3763BB5926AA1E81001BEE76 /* Build configuration list for PBXNativeTarget "Counter (iOS)" */;
			buildPhases = (
				3763BB3226AA1E81001BEE76 /* Sources */,
				3763BB3326AA1E81001BEE76 /* Frameworks */,
				3763BB3426AA1E81001BEE76 /* Resources */,
			);
			buildRules = (
			);
			dependencies = (
			);
			name = "Counter (iOS)";
			packageProductDependencies = (
				3763BBA226AA1F02001BEE76 /* Substate */,
				3763BBA426AA1F02001BEE76 /* SubstateMiddleware */,
				3763BBA626AA1F02001BEE76 /* SubstateUI */,
			);
			productName = "Counter (iOS)";
			productReference = 3763BB3626AA1E81001BEE76 /* Counter.app */;
			productType = "com.apple.product-type.application";
		};
		3763BB3B26AA1E81001BEE76 /* Counter (macOS) */ = {
			isa = PBXNativeTarget;
			buildConfigurationList = 3763BB5C26AA1E81001BEE76 /* Build configuration list for PBXNativeTarget "Counter (macOS)" */;
			buildPhases = (
				3763BB3826AA1E81001BEE76 /* Sources */,
				3763BB3926AA1E81001BEE76 /* Frameworks */,
				3763BB3A26AA1E81001BEE76 /* Resources */,
			);
			buildRules = (
			);
			dependencies = (
			);
			name = "Counter (macOS)";
			packageProductDependencies = (
				3763BBA826AA1F08001BEE76 /* Substate */,
				3763BBAA26AA1F08001BEE76 /* SubstateMiddleware */,
				3763BBAC26AA1F08001BEE76 /* SubstateUI */,
			);
			productName = "Counter (macOS)";
			productReference = 3763BB3C26AA1E81001BEE76 /* Counter.app */;
			productType = "com.apple.product-type.application";
		};
		3763BB4026AA1E81001BEE76 /* Tests iOS */ = {
			isa = PBXNativeTarget;
			buildConfigurationList = 3763BB5F26AA1E81001BEE76 /* Build configuration list for PBXNativeTarget "Tests iOS" */;
			buildPhases = (
				3763BB3D26AA1E81001BEE76 /* Sources */,
				3763BB3E26AA1E81001BEE76 /* Frameworks */,
				3763BB3F26AA1E81001BEE76 /* Resources */,
			);
			buildRules = (
			);
			dependencies = (
				3763BB4326AA1E81001BEE76 /* PBXTargetDependency */,
			);
			name = "Tests iOS";
			productName = "Tests iOS";
			productReference = 3763BB4126AA1E81001BEE76 /* Tests iOS.xctest */;
			productType = "com.apple.product-type.bundle.ui-testing";
		};
		3763BB4A26AA1E81001BEE76 /* Tests macOS */ = {
			isa = PBXNativeTarget;
			buildConfigurationList = 3763BB6226AA1E81001BEE76 /* Build configuration list for PBXNativeTarget "Tests macOS" */;
			buildPhases = (
				3763BB4726AA1E81001BEE76 /* Sources */,
				3763BB4826AA1E81001BEE76 /* Frameworks */,
				3763BB4926AA1E81001BEE76 /* Resources */,
			);
			buildRules = (
			);
			dependencies = (
				3763BB4D26AA1E81001BEE76 /* PBXTargetDependency */,
			);
			name = "Tests macOS";
			productName = "Tests macOS";
			productReference = 3763BB4B26AA1E81001BEE76 /* Tests macOS.xctest */;
			productType = "com.apple.product-type.bundle.ui-testing";
		};
/* End PBXNativeTarget section */

/* Begin PBXProject section */
		3763BB2A26AA1E80001BEE76 /* Project object */ = {
			isa = PBXProject;
			attributes = {
				BuildIndependentTargetsInParallel = 1;
				LastSwiftUpdateCheck = 1300;
				LastUpgradeCheck = 1300;
				TargetAttributes = {
					3763BB3526AA1E81001BEE76 = {
						CreatedOnToolsVersion = 13.0;
					};
					3763BB3B26AA1E81001BEE76 = {
						CreatedOnToolsVersion = 13.0;
					};
					3763BB4026AA1E81001BEE76 = {
						CreatedOnToolsVersion = 13.0;
						TestTargetID = 3763BB3526AA1E81001BEE76;
					};
					3763BB4A26AA1E81001BEE76 = {
						CreatedOnToolsVersion = 13.0;
						TestTargetID = 3763BB3B26AA1E81001BEE76;
					};
				};
			};
			buildConfigurationList = 3763BB2D26AA1E80001BEE76 /* Build configuration list for PBXProject "Counter" */;
			compatibilityVersion = "Xcode 13.0";
			developmentRegion = en;
			hasScannedForEncodings = 0;
			knownRegions = (
				en,
				Base,
			);
			mainGroup = 3763BB2926AA1E80001BEE76;
			productRefGroup = 3763BB3726AA1E81001BEE76 /* Products */;
			projectDirPath = "";
			projectRoot = "";
			targets = (
				3763BB3526AA1E81001BEE76 /* Counter (iOS) */,
				3763BB3B26AA1E81001BEE76 /* Counter (macOS) */,
				3763BB4026AA1E81001BEE76 /* Tests iOS */,
				3763BB4A26AA1E81001BEE76 /* Tests macOS */,
			);
		};
/* End PBXProject section */

/* Begin PBXResourcesBuildPhase section */
		3763BB3426AA1E81001BEE76 /* Resources */ = {
			isa = PBXResourcesBuildPhase;
			buildActionMask = 2147483647;
			files = (
				3763BB5526AA1E81001BEE76 /* Assets.xcassets in Resources */,
			);
			runOnlyForDeploymentPostprocessing = 0;
		};
		3763BB3A26AA1E81001BEE76 /* Resources */ = {
			isa = PBXResourcesBuildPhase;
			buildActionMask = 2147483647;
			files = (
				3763BB5626AA1E81001BEE76 /* Assets.xcassets in Resources */,
			);
			runOnlyForDeploymentPostprocessing = 0;
		};
		3763BB3F26AA1E81001BEE76 /* Resources */ = {
			isa = PBXResourcesBuildPhase;
			buildActionMask = 2147483647;
			files = (
			);
			runOnlyForDeploymentPostprocessing = 0;
		};
		3763BB4926AA1E81001BEE76 /* Resources */ = {
			isa = PBXResourcesBuildPhase;
			buildActionMask = 2147483647;
			files = (
			);
			runOnlyForDeploymentPostprocessing = 0;
		};
/* End PBXResourcesBuildPhase section */

/* Begin PBXSourcesBuildPhase section */
		3763BB3226AA1E81001BEE76 /* Sources */ = {
			isa = PBXSourcesBuildPhase;
			buildActionMask = 2147483647;
			files = (
				3763BB5326AA1E81001BEE76 /* CounterView.swift in Sources */,
				3763BB5126AA1E81001BEE76 /* CounterApp.swift in Sources */,
				3763BBBC26AA1FD5001BEE76 /* Counter.swift in Sources */,
			);
			runOnlyForDeploymentPostprocessing = 0;
		};
		3763BB3826AA1E81001BEE76 /* Sources */ = {
			isa = PBXSourcesBuildPhase;
			buildActionMask = 2147483647;
			files = (
				3763BB5426AA1E81001BEE76 /* CounterView.swift in Sources */,
				3763BB5226AA1E81001BEE76 /* CounterApp.swift in Sources */,
				3763BBBD26AA1FD5001BEE76 /* Counter.swift in Sources */,
			);
			runOnlyForDeploymentPostprocessing = 0;
		};
		3763BB3D26AA1E81001BEE76 /* Sources */ = {
			isa = PBXSourcesBuildPhase;
			buildActionMask = 2147483647;
			files = (
				3763BB4626AA1E81001BEE76 /* Tests_iOS.swift in Sources */,
			);
			runOnlyForDeploymentPostprocessing = 0;
		};
		3763BB4726AA1E81001BEE76 /* Sources */ = {
			isa = PBXSourcesBuildPhase;
			buildActionMask = 2147483647;
			files = (
				3763BB5026AA1E81001BEE76 /* Tests_macOS.swift in Sources */,
			);
			runOnlyForDeploymentPostprocessing = 0;
		};
/* End PBXSourcesBuildPhase section */

/* Begin PBXTargetDependency section */
		3763BB4326AA1E81001BEE76 /* PBXTargetDependency */ = {
			isa = PBXTargetDependency;
			target = 3763BB3526AA1E81001BEE76 /* Counter (iOS) */;
			targetProxy = 3763BB4226AA1E81001BEE76 /* PBXContainerItemProxy */;
		};
		3763BB4D26AA1E81001BEE76 /* PBXTargetDependency */ = {
			isa = PBXTargetDependency;
			target = 3763BB3B26AA1E81001BEE76 /* Counter (macOS) */;
			targetProxy = 3763BB4C26AA1E81001BEE76 /* PBXContainerItemProxy */;
		};
/* End PBXTargetDependency section */

/* Begin XCBuildConfiguration section */
		3763BB5726AA1E81001BEE76 /* Debug */ = {
			isa = XCBuildConfiguration;
			buildSettings = {
				ALWAYS_SEARCH_USER_PATHS = NO;
				CLANG_ANALYZER_NONNULL = YES;
				CLANG_ANALYZER_NUMBER_OBJECT_CONVERSION = YES_AGGRESSIVE;
				CLANG_CXX_LANGUAGE_STANDARD = "gnu++14";
				CLANG_CXX_LIBRARY = "libc++";
				CLANG_ENABLE_MODULES = YES;
				CLANG_ENABLE_OBJC_ARC = YES;
				CLANG_ENABLE_OBJC_WEAK = YES;
				CLANG_WARN_BLOCK_CAPTURE_AUTORELEASING = YES;
				CLANG_WARN_BOOL_CONVERSION = YES;
				CLANG_WARN_COMMA = YES;
				CLANG_WARN_CONSTANT_CONVERSION = YES;
				CLANG_WARN_DEPRECATED_OBJC_IMPLEMENTATIONS = YES;
				CLANG_WARN_DIRECT_OBJC_ISA_USAGE = YES_ERROR;
				CLANG_WARN_DOCUMENTATION_COMMENTS = YES;
				CLANG_WARN_EMPTY_BODY = YES;
				CLANG_WARN_ENUM_CONVERSION = YES;
				CLANG_WARN_INFINITE_RECURSION = YES;
				CLANG_WARN_INT_CONVERSION = YES;
				CLANG_WARN_NON_LITERAL_NULL_CONVERSION = YES;
				CLANG_WARN_OBJC_IMPLICIT_RETAIN_SELF = YES;
				CLANG_WARN_OBJC_LITERAL_CONVERSION = YES;
				CLANG_WARN_OBJC_ROOT_CLASS = YES_ERROR;
				CLANG_WARN_QUOTED_INCLUDE_IN_FRAMEWORK_HEADER = YES;
				CLANG_WARN_RANGE_LOOP_ANALYSIS = YES;
				CLANG_WARN_STRICT_PROTOTYPES = YES;
				CLANG_WARN_SUSPICIOUS_MOVE = YES;
				CLANG_WARN_UNGUARDED_AVAILABILITY = YES_AGGRESSIVE;
				CLANG_WARN_UNREACHABLE_CODE = YES;
				CLANG_WARN__DUPLICATE_METHOD_MATCH = YES;
				COPY_PHASE_STRIP = NO;
				DEBUG_INFORMATION_FORMAT = dwarf;
				ENABLE_STRICT_OBJC_MSGSEND = YES;
				ENABLE_TESTABILITY = YES;
				GCC_C_LANGUAGE_STANDARD = gnu11;
				GCC_DYNAMIC_NO_PIC = NO;
				GCC_NO_COMMON_BLOCKS = YES;
				GCC_OPTIMIZATION_LEVEL = 0;
				GCC_PREPROCESSOR_DEFINITIONS = (
					"DEBUG=1",
					"$(inherited)",
				);
				GCC_WARN_64_TO_32_BIT_CONVERSION = YES;
				GCC_WARN_ABOUT_RETURN_TYPE = YES_ERROR;
				GCC_WARN_UNDECLARED_SELECTOR = YES;
				GCC_WARN_UNINITIALIZED_AUTOS = YES_AGGRESSIVE;
				GCC_WARN_UNUSED_FUNCTION = YES;
				GCC_WARN_UNUSED_VARIABLE = YES;
				MTL_ENABLE_DEBUG_INFO = INCLUDE_SOURCE;
				MTL_FAST_MATH = YES;
				ONLY_ACTIVE_ARCH = YES;
				SWIFT_ACTIVE_COMPILATION_CONDITIONS = DEBUG;
				SWIFT_OPTIMIZATION_LEVEL = "-Onone";
			};
			name = Debug;
		};
		3763BB5826AA1E81001BEE76 /* Release */ = {
			isa = XCBuildConfiguration;
			buildSettings = {
				ALWAYS_SEARCH_USER_PATHS = NO;
				CLANG_ANALYZER_NONNULL = YES;
				CLANG_ANALYZER_NUMBER_OBJECT_CONVERSION = YES_AGGRESSIVE;
				CLANG_CXX_LANGUAGE_STANDARD = "gnu++14";
				CLANG_CXX_LIBRARY = "libc++";
				CLANG_ENABLE_MODULES = YES;
				CLANG_ENABLE_OBJC_ARC = YES;
				CLANG_ENABLE_OBJC_WEAK = YES;
				CLANG_WARN_BLOCK_CAPTURE_AUTORELEASING = YES;
				CLANG_WARN_BOOL_CONVERSION = YES;
				CLANG_WARN_COMMA = YES;
				CLANG_WARN_CONSTANT_CONVERSION = YES;
				CLANG_WARN_DEPRECATED_OBJC_IMPLEMENTATIONS = YES;
				CLANG_WARN_DIRECT_OBJC_ISA_USAGE = YES_ERROR;
				CLANG_WARN_DOCUMENTATION_COMMENTS = YES;
				CLANG_WARN_EMPTY_BODY = YES;
				CLANG_WARN_ENUM_CONVERSION = YES;
				CLANG_WARN_INFINITE_RECURSION = YES;
				CLANG_WARN_INT_CONVERSION = YES;
				CLANG_WARN_NON_LITERAL_NULL_CONVERSION = YES;
				CLANG_WARN_OBJC_IMPLICIT_RETAIN_SELF = YES;
				CLANG_WARN_OBJC_LITERAL_CONVERSION = YES;
				CLANG_WARN_OBJC_ROOT_CLASS = YES_ERROR;
				CLANG_WARN_QUOTED_INCLUDE_IN_FRAMEWORK_HEADER = YES;
				CLANG_WARN_RANGE_LOOP_ANALYSIS = YES;
				CLANG_WARN_STRICT_PROTOTYPES = YES;
				CLANG_WARN_SUSPICIOUS_MOVE = YES;
				CLANG_WARN_UNGUARDED_AVAILABILITY = YES_AGGRESSIVE;
				CLANG_WARN_UNREACHABLE_CODE = YES;
				CLANG_WARN__DUPLICATE_METHOD_MATCH = YES;
				COPY_PHASE_STRIP = NO;
				DEBUG_INFORMATION_FORMAT = "dwarf-with-dsym";
				ENABLE_NS_ASSERTIONS = NO;
				ENABLE_STRICT_OBJC_MSGSEND = YES;
				GCC_C_LANGUAGE_STANDARD = gnu11;
				GCC_NO_COMMON_BLOCKS = YES;
				GCC_WARN_64_TO_32_BIT_CONVERSION = YES;
				GCC_WARN_ABOUT_RETURN_TYPE = YES_ERROR;
				GCC_WARN_UNDECLARED_SELECTOR = YES;
				GCC_WARN_UNINITIALIZED_AUTOS = YES_AGGRESSIVE;
				GCC_WARN_UNUSED_FUNCTION = YES;
				GCC_WARN_UNUSED_VARIABLE = YES;
				MTL_ENABLE_DEBUG_INFO = NO;
				MTL_FAST_MATH = YES;
				SWIFT_COMPILATION_MODE = wholemodule;
				SWIFT_OPTIMIZATION_LEVEL = "-O";
			};
			name = Release;
		};
		3763BB5A26AA1E81001BEE76 /* Debug */ = {
			isa = XCBuildConfiguration;
			buildSettings = {
				ASSETCATALOG_COMPILER_APPICON_NAME = AppIcon;
				ASSETCATALOG_COMPILER_GLOBAL_ACCENT_COLOR_NAME = AccentColor;
				CODE_SIGN_STYLE = Automatic;
				CURRENT_PROJECT_VERSION = 1;
				DEVELOPMENT_TEAM = W48Z9ZM8JR;
				ENABLE_PREVIEWS = YES;
				GENERATE_INFOPLIST_FILE = YES;
				INFOPLIST_KEY_UIApplicationSceneManifest_Generation = YES;
				INFOPLIST_KEY_UIApplicationSupportsIndirectInputEvents = YES;
				INFOPLIST_KEY_UILaunchScreen_Generation = YES;
				INFOPLIST_KEY_UISupportedInterfaceOrientations_iPad = "UIInterfaceOrientationPortrait UIInterfaceOrientationPortraitUpsideDown UIInterfaceOrientationLandscapeLeft UIInterfaceOrientationLandscapeRight";
				INFOPLIST_KEY_UISupportedInterfaceOrientations_iPhone = "UIInterfaceOrientationPortrait UIInterfaceOrientationLandscapeLeft UIInterfaceOrientationLandscapeRight";
				IPHONEOS_DEPLOYMENT_TARGET = 14.0;
				LD_RUNPATH_SEARCH_PATHS = (
					"$(inherited)",
					"@executable_path/Frameworks",
				);
				MARKETING_VERSION = 1.0;
				PRODUCT_BUNDLE_IDENTIFIER = studio.soundry.Counter;
				PRODUCT_NAME = Counter;
				SDKROOT = iphoneos;
				SWIFT_EMIT_LOC_STRINGS = YES;
				SWIFT_VERSION = 5.0;
				TARGETED_DEVICE_FAMILY = "1,2";
			};
			name = Debug;
		};
		3763BB5B26AA1E81001BEE76 /* Release */ = {
			isa = XCBuildConfiguration;
			buildSettings = {
				ASSETCATALOG_COMPILER_APPICON_NAME = AppIcon;
				ASSETCATALOG_COMPILER_GLOBAL_ACCENT_COLOR_NAME = AccentColor;
				CODE_SIGN_STYLE = Automatic;
				CURRENT_PROJECT_VERSION = 1;
				DEVELOPMENT_TEAM = W48Z9ZM8JR;
				ENABLE_PREVIEWS = YES;
				GENERATE_INFOPLIST_FILE = YES;
				INFOPLIST_KEY_UIApplicationSceneManifest_Generation = YES;
				INFOPLIST_KEY_UIApplicationSupportsIndirectInputEvents = YES;
				INFOPLIST_KEY_UILaunchScreen_Generation = YES;
				INFOPLIST_KEY_UISupportedInterfaceOrientations_iPad = "UIInterfaceOrientationPortrait UIInterfaceOrientationPortraitUpsideDown UIInterfaceOrientationLandscapeLeft UIInterfaceOrientationLandscapeRight";
				INFOPLIST_KEY_UISupportedInterfaceOrientations_iPhone = "UIInterfaceOrientationPortrait UIInterfaceOrientationLandscapeLeft UIInterfaceOrientationLandscapeRight";
				IPHONEOS_DEPLOYMENT_TARGET = 14.0;
				LD_RUNPATH_SEARCH_PATHS = (
					"$(inherited)",
					"@executable_path/Frameworks",
				);
				MARKETING_VERSION = 1.0;
				PRODUCT_BUNDLE_IDENTIFIER = studio.soundry.Counter;
				PRODUCT_NAME = Counter;
				SDKROOT = iphoneos;
				SWIFT_EMIT_LOC_STRINGS = YES;
				SWIFT_VERSION = 5.0;
				TARGETED_DEVICE_FAMILY = "1,2";
				VALIDATE_PRODUCT = YES;
			};
			name = Release;
		};
		3763BB5D26AA1E81001BEE76 /* Debug */ = {
			isa = XCBuildConfiguration;
			buildSettings = {
				ASSETCATALOG_COMPILER_APPICON_NAME = AppIcon;
				ASSETCATALOG_COMPILER_GLOBAL_ACCENT_COLOR_NAME = AccentColor;
				CODE_SIGN_ENTITLEMENTS = "Counter (macOS).entitlements";
				CODE_SIGN_STYLE = Automatic;
				COMBINE_HIDPI_IMAGES = YES;
				CURRENT_PROJECT_VERSION = 1;
				DEVELOPMENT_TEAM = W48Z9ZM8JR;
				ENABLE_APP_SANDBOX = YES;
				ENABLE_HARDENED_RUNTIME = YES;
				ENABLE_PREVIEWS = YES;
				ENABLE_USER_SELECTED_FILES = readonly;
				GENERATE_INFOPLIST_FILE = YES;
				INFOPLIST_KEY_NSHumanReadableCopyright = "";
				LD_RUNPATH_SEARCH_PATHS = (
					"$(inherited)",
					"@executable_path/../Frameworks",
				);
				MACOSX_DEPLOYMENT_TARGET = 11.0;
				MARKETING_VERSION = 1.0;
				PRODUCT_BUNDLE_IDENTIFIER = studio.soundry.Counter;
				PRODUCT_NAME = Counter;
				SDKROOT = macosx;
				SWIFT_EMIT_LOC_STRINGS = YES;
				SWIFT_VERSION = 5.0;
			};
			name = Debug;
		};
		3763BB5E26AA1E81001BEE76 /* Release */ = {
			isa = XCBuildConfiguration;
			buildSettings = {
				ASSETCATALOG_COMPILER_APPICON_NAME = AppIcon;
				ASSETCATALOG_COMPILER_GLOBAL_ACCENT_COLOR_NAME = AccentColor;
				CODE_SIGN_ENTITLEMENTS = "Counter (macOS).entitlements";
				CODE_SIGN_STYLE = Automatic;
				COMBINE_HIDPI_IMAGES = YES;
				CURRENT_PROJECT_VERSION = 1;
				DEVELOPMENT_TEAM = W48Z9ZM8JR;
				ENABLE_APP_SANDBOX = YES;
				ENABLE_HARDENED_RUNTIME = YES;
				ENABLE_PREVIEWS = YES;
				ENABLE_USER_SELECTED_FILES = readonly;
				GENERATE_INFOPLIST_FILE = YES;
				INFOPLIST_KEY_NSHumanReadableCopyright = "";
				LD_RUNPATH_SEARCH_PATHS = (
					"$(inherited)",
					"@executable_path/../Frameworks",
				);
				MACOSX_DEPLOYMENT_TARGET = 11.0;
				MARKETING_VERSION = 1.0;
				PRODUCT_BUNDLE_IDENTIFIER = studio.soundry.Counter;
				PRODUCT_NAME = Counter;
				SDKROOT = macosx;
				SWIFT_EMIT_LOC_STRINGS = YES;
				SWIFT_VERSION = 5.0;
			};
			name = Release;
		};
		3763BB6026AA1E81001BEE76 /* Debug */ = {
			isa = XCBuildConfiguration;
			buildSettings = {
				ALWAYS_EMBED_SWIFT_STANDARD_LIBRARIES = YES;
				CODE_SIGN_STYLE = Automatic;
				CURRENT_PROJECT_VERSION = 1;
				DEVELOPMENT_TEAM = W48Z9ZM8JR;
				GENERATE_INFOPLIST_FILE = YES;
				IPHONEOS_DEPLOYMENT_TARGET = 15.0;
				LD_RUNPATH_SEARCH_PATHS = (
					"$(inherited)",
					"@executable_path/Frameworks",
					"@loader_path/Frameworks",
				);
				MARKETING_VERSION = 1.0;
				PRODUCT_BUNDLE_IDENTIFIER = "studio.soundry.Tests-iOS";
				PRODUCT_NAME = "$(TARGET_NAME)";
				SDKROOT = iphoneos;
				SWIFT_EMIT_LOC_STRINGS = NO;
				SWIFT_VERSION = 5.0;
				TARGETED_DEVICE_FAMILY = "1,2";
				TEST_TARGET_NAME = "Counter (iOS)";
			};
			name = Debug;
		};
		3763BB6126AA1E81001BEE76 /* Release */ = {
			isa = XCBuildConfiguration;
			buildSettings = {
				ALWAYS_EMBED_SWIFT_STANDARD_LIBRARIES = YES;
				CODE_SIGN_STYLE = Automatic;
				CURRENT_PROJECT_VERSION = 1;
				DEVELOPMENT_TEAM = W48Z9ZM8JR;
				GENERATE_INFOPLIST_FILE = YES;
				IPHONEOS_DEPLOYMENT_TARGET = 15.0;
				LD_RUNPATH_SEARCH_PATHS = (
					"$(inherited)",
					"@executable_path/Frameworks",
					"@loader_path/Frameworks",
				);
				MARKETING_VERSION = 1.0;
				PRODUCT_BUNDLE_IDENTIFIER = "studio.soundry.Tests-iOS";
				PRODUCT_NAME = "$(TARGET_NAME)";
				SDKROOT = iphoneos;
				SWIFT_EMIT_LOC_STRINGS = NO;
				SWIFT_VERSION = 5.0;
				TARGETED_DEVICE_FAMILY = "1,2";
				TEST_TARGET_NAME = "Counter (iOS)";
				VALIDATE_PRODUCT = YES;
			};
			name = Release;
		};
		3763BB6326AA1E81001BEE76 /* Debug */ = {
			isa = XCBuildConfiguration;
			buildSettings = {
				ALWAYS_EMBED_SWIFT_STANDARD_LIBRARIES = YES;
				CODE_SIGN_STYLE = Automatic;
				COMBINE_HIDPI_IMAGES = YES;
				CURRENT_PROJECT_VERSION = 1;
				DEVELOPMENT_TEAM = W48Z9ZM8JR;
				GENERATE_INFOPLIST_FILE = YES;
				LD_RUNPATH_SEARCH_PATHS = (
					"$(inherited)",
					"@executable_path/../Frameworks",
					"@loader_path/../Frameworks",
				);
				MACOSX_DEPLOYMENT_TARGET = 11.4;
				MARKETING_VERSION = 1.0;
				PRODUCT_BUNDLE_IDENTIFIER = "studio.soundry.Tests-macOS";
				PRODUCT_NAME = "$(TARGET_NAME)";
				SDKROOT = macosx;
				SWIFT_EMIT_LOC_STRINGS = NO;
				SWIFT_VERSION = 5.0;
				TEST_TARGET_NAME = "Counter (macOS)";
			};
			name = Debug;
		};
		3763BB6426AA1E81001BEE76 /* Release */ = {
			isa = XCBuildConfiguration;
			buildSettings = {
				ALWAYS_EMBED_SWIFT_STANDARD_LIBRARIES = YES;
				CODE_SIGN_STYLE = Automatic;
				COMBINE_HIDPI_IMAGES = YES;
				CURRENT_PROJECT_VERSION = 1;
				DEVELOPMENT_TEAM = W48Z9ZM8JR;
				GENERATE_INFOPLIST_FILE = YES;
				LD_RUNPATH_SEARCH_PATHS = (
					"$(inherited)",
					"@executable_path/../Frameworks",
					"@loader_path/../Frameworks",
				);
				MACOSX_DEPLOYMENT_TARGET = 11.4;
				MARKETING_VERSION = 1.0;
				PRODUCT_BUNDLE_IDENTIFIER = "studio.soundry.Tests-macOS";
				PRODUCT_NAME = "$(TARGET_NAME)";
				SDKROOT = macosx;
				SWIFT_EMIT_LOC_STRINGS = NO;
				SWIFT_VERSION = 5.0;
				TEST_TARGET_NAME = "Counter (macOS)";
			};
			name = Release;
		};
/* End XCBuildConfiguration section */

/* Begin XCConfigurationList section */
		3763BB2D26AA1E80001BEE76 /* Build configuration list for PBXProject "Counter" */ = {
			isa = XCConfigurationList;
			buildConfigurations = (
				3763BB5726AA1E81001BEE76 /* Debug */,
				3763BB5826AA1E81001BEE76 /* Release */,
			);
			defaultConfigurationIsVisible = 0;
			defaultConfigurationName = Release;
		};
		3763BB5926AA1E81001BEE76 /* Build configuration list for PBXNativeTarget "Counter (iOS)" */ = {
			isa = XCConfigurationList;
			buildConfigurations = (
				3763BB5A26AA1E81001BEE76 /* Debug */,
				3763BB5B26AA1E81001BEE76 /* Release */,
			);
			defaultConfigurationIsVisible = 0;
			defaultConfigurationName = Release;
		};
		3763BB5C26AA1E81001BEE76 /* Build configuration list for PBXNativeTarget "Counter (macOS)" */ = {
			isa = XCConfigurationList;
			buildConfigurations = (
				3763BB5D26AA1E81001BEE76 /* Debug */,
				3763BB5E26AA1E81001BEE76 /* Release */,
			);
			defaultConfigurationIsVisible = 0;
			defaultConfigurationName = Release;
		};
		3763BB5F26AA1E81001BEE76 /* Build configuration list for PBXNativeTarget "Tests iOS" */ = {
			isa = XCConfigurationList;
			buildConfigurations = (
				3763BB6026AA1E81001BEE76 /* Debug */,
				3763BB6126AA1E81001BEE76 /* Release */,
			);
			defaultConfigurationIsVisible = 0;
			defaultConfigurationName = Release;
		};
		3763BB6226AA1E81001BEE76 /* Build configuration list for PBXNativeTarget "Tests macOS" */ = {
			isa = XCConfigurationList;
			buildConfigurations = (
				3763BB6326AA1E81001BEE76 /* Debug */,
				3763BB6426AA1E81001BEE76 /* Release */,
			);
			defaultConfigurationIsVisible = 0;
			defaultConfigurationName = Release;
		};
/* End XCConfigurationList section */

/* Begin XCSwiftPackageProductDependency section */
		3763BBA226AA1F02001BEE76 /* Substate */ = {
			isa = XCSwiftPackageProductDependency;
			productName = Substate;
		};
		3763BBA426AA1F02001BEE76 /* SubstateMiddleware */ = {
			isa = XCSwiftPackageProductDependency;
			productName = SubstateMiddleware;
		};
		3763BBA626AA1F02001BEE76 /* SubstateUI */ = {
			isa = XCSwiftPackageProductDependency;
			productName = SubstateUI;
		};
		3763BBA826AA1F08001BEE76 /* Substate */ = {
			isa = XCSwiftPackageProductDependency;
			productName = Substate;
		};
		3763BBAA26AA1F08001BEE76 /* SubstateMiddleware */ = {
			isa = XCSwiftPackageProductDependency;
			productName = SubstateMiddleware;
		};
		3763BBAC26AA1F08001BEE76 /* SubstateUI */ = {
			isa = XCSwiftPackageProductDependency;
			productName = SubstateUI;
		};
/* End XCSwiftPackageProductDependency section */
	};
	rootObject = 3763BB2A26AA1E80001BEE76 /* Project object */;
}
